{
  "version": 4,
  "terraform_version": "1.12.2",
  "serial": 285,
  "lineage": "591c09d9-3987-742d-463d-2e66e37aa722",
  "outputs": {},
  "resources": [
    {
      "module": "module.adb_dev",
      "mode": "managed",
      "type": "oci_database_autonomous_database",
      "name": "datum_adb",
      "provider": "provider[\"registry.terraform.io/hashicorp/oci\"]",
      "instances": [
        {
          "schema_version": 0,
          "attributes": {
            "actual_used_data_storage_size_in_tbs": 0,
            "admin_password": "Manager1##2Datum",
            "allocated_storage_size_in_tbs": 0,
            "apex_details": [
              {
                "apex_version": "",
                "ords_version": "25.2.2.204.0103"
              }
            ],
            "are_primary_whitelisted_ips_used": null,
            "auto_refresh_frequency_in_seconds": null,
            "auto_refresh_point_lag_in_seconds": null,
            "autonomous_container_database_id": null,
            "autonomous_database_backup_id": null,
            "autonomous_database_id": null,
            "autonomous_maintenance_schedule_type": "REGULAR",
            "availability_domain": "YINh:PHX-AD-1",
            "available_upgrade_versions": [
              "23ai"
            ],
            "backup_config": [
              {
                "manual_backup_bucket_name": "",
                "manual_backup_type": "NONE"
              }
            ],
            "backup_retention_period_in_days": 60,
            "byol_compute_count_limit": null,
            "character_set": "AL32UTF8",
            "clone_table_space_list": [],
            "clone_type": null,
            "cluster_placement_group_id": null,
            "compartment_id": "ocid1.compartment.oc1..aaaaaaaago6deoyb4hatbg62hvcr7o4xfv7wb7qxk4rfyxo72a5vrltw37tq",
            "compute_count": 4,
            "compute_model": "ECPU",
            "connection_strings": [
              {
                "all_connection_strings": {
                  "HIGH": "adb.us-phoenix-1.oraclecloud.com:1522/lkhlnwnng2ukh2u_test1db_high.adb.oraclecloud.com",
                  "LOW": "adb.us-phoenix-1.oraclecloud.com:1522/lkhlnwnng2ukh2u_test1db_low.adb.oraclecloud.com",
                  "MEDIUM": "adb.us-phoenix-1.oraclecloud.com:1522/lkhlnwnng2ukh2u_test1db_medium.adb.oraclecloud.com",
                  "TP": "adb.us-phoenix-1.oraclecloud.com:1522/lkhlnwnng2ukh2u_test1db_tp.adb.oraclecloud.com",
                  "TPURGENT": "adb.us-phoenix-1.oraclecloud.com:1522/lkhlnwnng2ukh2u_test1db_tpurgent.adb.oraclecloud.com"
                },
                "dedicated": "",
                "high": "adb.us-phoenix-1.oraclecloud.com:1522/lkhlnwnng2ukh2u_test1db_high.adb.oraclecloud.com",
                "low": "adb.us-phoenix-1.oraclecloud.com:1522/lkhlnwnng2ukh2u_test1db_low.adb.oraclecloud.com",
                "medium": "adb.us-phoenix-1.oraclecloud.com:1522/lkhlnwnng2ukh2u_test1db_medium.adb.oraclecloud.com",
                "profiles": [
                  {
                    "consumer_group": "HIGH",
                    "display_name": "test1db_high",
                    "host_format": "FQDN",
                    "is_regional": false,
                    "protocol": "TCPS",
                    "session_mode": "DIRECT",
                    "syntax_format": "LONG",
                    "tls_authentication": "MUTUAL",
                    "value": "(description= (retry_count=20)(retry_delay=3)(address=(protocol=tcps)(port=1522)(host=adb.us-phoenix-1.oraclecloud.com))(connect_data=(service_name=lkhlnwnng2ukh2u_test1db_high.adb.oraclecloud.com))(security=(ssl_server_dn_match=yes)))"
                  },
                  {
                    "consumer_group": "LOW",
                    "display_name": "test1db_low",
                    "host_format": "FQDN",
                    "is_regional": false,
                    "protocol": "TCPS",
                    "session_mode": "DIRECT",
                    "syntax_format": "LONG",
                    "tls_authentication": "MUTUAL",
                    "value": "(description= (retry_count=20)(retry_delay=3)(address=(protocol=tcps)(port=1522)(host=adb.us-phoenix-1.oraclecloud.com))(connect_data=(service_name=lkhlnwnng2ukh2u_test1db_low.adb.oraclecloud.com))(security=(ssl_server_dn_match=yes)))"
                  },
                  {
                    "consumer_group": "MEDIUM",
                    "display_name": "test1db_medium",
                    "host_format": "FQDN",
                    "is_regional": false,
                    "protocol": "TCPS",
                    "session_mode": "DIRECT",
                    "syntax_format": "LONG",
                    "tls_authentication": "MUTUAL",
                    "value": "(description= (retry_count=20)(retry_delay=3)(address=(protocol=tcps)(port=1522)(host=adb.us-phoenix-1.oraclecloud.com))(connect_data=(service_name=lkhlnwnng2ukh2u_test1db_medium.adb.oraclecloud.com))(security=(ssl_server_dn_match=yes)))"
                  },
                  {
                    "consumer_group": "TP",
                    "display_name": "test1db_tp",
                    "host_format": "FQDN",
                    "is_regional": false,
                    "protocol": "TCPS",
                    "session_mode": "DIRECT",
                    "syntax_format": "LONG",
                    "tls_authentication": "MUTUAL",
                    "value": "(description= (retry_count=20)(retry_delay=3)(address=(protocol=tcps)(port=1522)(host=adb.us-phoenix-1.oraclecloud.com))(connect_data=(service_name=lkhlnwnng2ukh2u_test1db_tp.adb.oraclecloud.com))(security=(ssl_server_dn_match=yes)))"
                  },
                  {
                    "consumer_group": "TPURGENT",
                    "display_name": "test1db_tpurgent",
                    "host_format": "FQDN",
                    "is_regional": false,
                    "protocol": "TCPS",
                    "session_mode": "DIRECT",
                    "syntax_format": "LONG",
                    "tls_authentication": "MUTUAL",
                    "value": "(description= (retry_count=20)(retry_delay=3)(address=(protocol=tcps)(port=1522)(host=adb.us-phoenix-1.oraclecloud.com))(connect_data=(service_name=lkhlnwnng2ukh2u_test1db_tpurgent.adb.oraclecloud.com))(security=(ssl_server_dn_match=yes)))"
                  }
                ]
              }
            ],
            "connection_urls": [
              {
                "apex_url": "https://LKHLNWNNG2UKH2U-TEST1DB.adb.us-phoenix-1.oraclecloudapps.com/ords/apex",
                "database_transforms_url": "https://LKHLNWNNG2UKH2U-TEST1DB.adb.us-phoenix-1.oraclecloudapps.com/odi/",
                "graph_studio_url": "https://LKHLNWNNG2UKH2U-TEST1DB.adb.us-phoenix-1.oraclecloudapps.com/graphstudio/",
                "machine_learning_notebook_url": "https://LKHLNWNNG2UKH2U-TEST1DB.adb.us-phoenix-1.oraclecloudapps.com/oml/",
                "machine_learning_user_management_url": "https://LKHLNWNNG2UKH2U-TEST1DB.adb.us-phoenix-1.oraclecloudapps.com/omlusers/",
                "mongo_db_url": "",
                "ords_url": "https://LKHLNWNNG2UKH2U-TEST1DB.adb.us-phoenix-1.oraclecloudapps.com/ords/",
                "sql_dev_web_url": "https://LKHLNWNNG2UKH2U-TEST1DB.adb.us-phoenix-1.oraclecloudapps.com/ords/sql-developer"
              }
            ],
            "cpu_core_count": 0,
            "customer_contacts": [],
            "data_safe_status": "NOT_REGISTERED",
            "data_storage_size_in_gb": 20,
            "data_storage_size_in_tbs": null,
            "database_edition": "",
            "database_management_status": "",
            "dataguard_region_type": "",
            "db_name": "test1db",
            "db_tools_details": [
              {
                "compute_count": 0,
                "is_enabled": true,
                "max_idle_time_in_minutes": 0,
                "name": "APEX"
              },
              {
                "compute_count": 0,
                "is_enabled": true,
                "max_idle_time_in_minutes": 0,
                "name": "DATABASE_ACTIONS"
              },
              {
                "compute_count": 0,
                "is_enabled": true,
                "max_idle_time_in_minutes": 0,
                "name": "MONGODB_API"
              },
              {
                "compute_count": 0,
                "is_enabled": true,
                "max_idle_time_in_minutes": 0,
                "name": "ORDS"
              },
              {
                "compute_count": 2,
                "is_enabled": true,
                "max_idle_time_in_minutes": 30,
                "name": "DATA_TRANSFORMS"
              },
              {
                "compute_count": 2,
                "is_enabled": true,
                "max_idle_time_in_minutes": 60,
                "name": "GRAPH_STUDIO"
              },
              {
                "compute_count": 2,
                "is_enabled": true,
                "max_idle_time_in_minutes": 60,
                "name": "OML"
              },
              {
                "compute_count": 32,
                "is_enabled": true,
                "max_idle_time_in_minutes": 10,
                "name": "DLA"
              }
            ],
            "db_version": "19c",
            "db_workload": "OLTP",
            "defined_tags": {
              "Oracle-Tags.CreatedBy": "oracleidentitycloudservice/agarcia@datum.com.gt",
              "Oracle-Tags.CreatedOn": "2025-08-05T22:39:22.727Z"
            },
            "disaster_recovery_region_type": "",
            "disaster_recovery_type": null,
            "display_name": "J3XAJOQNS8HL7TRE",
            "enable_delete_scheduled_operations": null,
            "encryption_key": [
              {
                "arn_role": "",
                "autonomous_database_provider": "ORACLE_MANAGED",
                "certificate_directory_name": "",
                "certificate_id": "",
                "directory_name": "",
                "external_id": "",
                "key_arn": "",
                "key_name": "",
                "kms_key_id": "",
                "okv_kms_key": "",
                "okv_uri": "",
                "service_endpoint_uri": "",
                "vault_id": "",
                "vault_uri": ""
              }
            ],
            "encryption_key_history_entry": [
              {
                "encryption_key": [
                  {
                    "arn_role": "",
                    "autonomous_database_provider": "ORACLE_MANAGED",
                    "certificate_directory_name": "",
                    "certificate_id": "",
                    "directory_name": "",
                    "external_id": "",
                    "key_arn": "",
                    "key_name": "",
                    "kms_key_id": "",
                    "okv_kms_key": "",
                    "okv_uri": "",
                    "service_endpoint_uri": "",
                    "vault_id": "",
                    "vault_uri": ""
                  }
                ],
                "time_activated": "2025-08-05 22:40:14.681 +0000 UTC"
              }
            ],
            "failed_data_recovery_in_seconds": null,
            "freeform_tags": {},
            "id": "ocid1.autonomousdatabase.oc1.phx.anyhqljtmds2pjiatsropy5xim4tunb2jyydbonvrxhaxs6monjiin4e6b6a",
            "in_memory_area_in_gbs": null,
            "in_memory_percentage": null,
            "infrastructure_type": "",
            "is_access_control_enabled": null,
            "is_auto_scaling_enabled": false,
            "is_auto_scaling_for_storage_enabled": false,
            "is_backup_retention_locked": null,
            "is_data_guard_enabled": false,
            "is_dedicated": false,
            "is_dev_tier": true,
            "is_disconnect_peer": null,
            "is_free_tier": false,
            "is_local_data_guard_enabled": false,
            "is_mtls_connection_required": true,
            "is_preview": false,
            "is_preview_version_with_service_terms_accepted": null,
            "is_reconnect_clone_enabled": null,
            "is_refreshable_clone": null,
            "is_remote_data_guard_enabled": false,
            "is_replicate_automatic_backups": null,
            "is_shrink_only": null,
            "key_history_entry": [
              {
                "id": "ORACLE_MANAGED_KEY",
                "kms_key_version_id": "",
                "time_activated": "2025-08-05 22:40:14.681 +0000 UTC",
                "vault_id": ""
              }
            ],
            "key_store_id": null,
            "key_store_wallet_name": null,
            "key_version_id": null,
            "kms_key_id": "ORACLE_MANAGED_KEY",
            "kms_key_lifecycle_details": null,
            "kms_key_version_id": null,
            "license_model": "LICENSE_INCLUDED",
            "lifecycle_details": null,
            "local_adg_auto_failover_max_data_loss_limit": null,
            "local_disaster_recovery_type": "BACKUP_BASED",
            "local_standby_db": [],
            "long_term_backup_schedule": [],
            "maintenance_target_component": "Dictionary",
            "max_cpu_core_count": null,
            "memory_per_oracle_compute_unit_in_gbs": null,
            "ncharacter_set": "AL16UTF16",
            "net_services_architecture": "",
            "next_long_term_backup_time_stamp": null,
            "nsg_ids": [],
            "ocpu_count": null,
            "open_mode": "READ_WRITE",
            "operations_insights_status": "NOT_ENABLED",
            "peer_db_id": null,
            "peer_db_ids": [],
            "permission_level": "UNRESTRICTED",
            "private_endpoint": null,
            "private_endpoint_ip": null,
            "private_endpoint_label": null,
            "provisionable_cpus": [],
            "public_connection_urls": [],
            "public_endpoint": null,
            "refreshable_mode": null,
            "refreshable_status": "",
            "remote_disaster_recovery_configuration": [],
            "remote_disaster_recovery_type": null,
            "resource_pool_leader_id": null,
            "resource_pool_summary": [
              {
                "is_disabled": true,
                "pool_size": 0
              }
            ],
            "role": "",
            "rotate_key_trigger": null,
            "scheduled_operations": [],
            "secret_id": null,
            "secret_version_number": null,
            "security_attributes": {},
            "service_console_url": null,
            "shrink_adb_trigger": null,
            "source": null,
            "source_id": null,
            "standby_db": [],
            "standby_whitelisted_ips": [],
            "state": "AVAILABLE",
            "subnet_id": null,
            "subscription_id": null,
            "supported_regions_to_clone_to": [
              "IAD",
              "SJC",
              "YYZ",
              "FRA",
              "ORD",
              "HYD",
              "BOM",
              "AMS",
              "GRU",
              "LHR",
              "NRT",
              "SYD",
              "VCP"
            ],
            "switchover_to": null,
            "switchover_to_remote_peer_id": null,
            "system_tags": {},
            "time_created": "2025-08-05 22:39:22.753 +0000 UTC",
            "time_data_guard_role_changed": null,
            "time_deletion_of_free_autonomous_database": null,
            "time_disaster_recovery_role_changed": null,
            "time_local_data_guard_enabled": null,
            "time_maintenance_begin": "2025-08-09 20:00:00 +0000 UTC",
            "time_maintenance_end": "2025-08-09 22:00:00 +0000 UTC",
            "time_of_auto_refresh_start": null,
            "time_of_joining_resource_pool": null,
            "time_of_last_failover": null,
            "time_of_last_refresh": null,
            "time_of_last_refresh_point": null,
            "time_of_last_switchover": null,
            "time_of_next_refresh": null,
            "time_reclamation_of_free_autonomous_database": null,
            "time_undeleted": null,
            "time_until_reconnect_clone_enabled": null,
            "timeouts": null,
            "timestamp": null,
            "total_backup_storage_size_in_gbs": null,
            "use_latest_available_backup_time_stamp": null,
            "used_data_storage_size_in_gbs": null,
            "used_data_storage_size_in_tbs": null,
            "vault_id": null,
            "whitelisted_ips": null
          },
          "sensitive_attributes": [
            [
              {
                "type": "get_attr",
                "value": "admin_password"
              }
            ]
          ],
          "identity_schema_version": 0,
          "private": "eyJlMmJmYjczMC1lY2FhLTExZTYtOGY4OC0zNDM2M2JjN2M0YzAiOnsiY3JlYXRlIjo0MzIwMDAwMDAwMDAwMCwiZGVsZXRlIjo0MzIwMDAwMDAwMDAwMCwidXBkYXRlIjo0MzIwMDAwMDAwMDAwMH19",
          "dependencies": [
            "module.vcn_dev.data.oci_identity_availability_domains.ads",
            "module.vcn_dev.module.oci_vcn.data.oci_core_services.all_oci_services",
            "module.vcn_dev.module.oci_vcn.module.logging.module.analyticscloudlog.data.oci_analytics_analytics_instances.analyticscloud",
            "module.vcn_dev.module.oci_vcn.module.logging.module.analyticscloudlog.oci_logging_log.analyticscloud_audit_log",
            "module.vcn_dev.module.oci_vcn.module.logging.module.analyticscloudlog.oci_logging_log.analyticscloud_diag_log",
            "module.vcn_dev.module.oci_vcn.module.logging.module.apigwlog.data.oci_apigateway_deployments.apigw_deployments",
            "module.vcn_dev.module.oci_vcn.module.logging.module.apigwlog.oci_logging_log.apigw_access_log",
            "module.vcn_dev.module.oci_vcn.module.logging.module.apigwlog.oci_logging_log.apigw_exec_log",
            "module.vcn_dev.module.oci_vcn.module.logging.module.apmlog.data.oci_apm_apm_domains.apm_domains",
            "module.vcn_dev.module.oci_vcn.module.logging.module.apmlog.oci_logging_log.apm_log",
            "module.vcn_dev.module.oci_vcn.module.logging.module.customlog.data.oci_identity_dynamic_groups.linux_dynamic_groups",
            "module.vcn_dev.module.oci_vcn.module.logging.module.customlog.data.oci_identity_dynamic_groups.win_dynamic_groups",
            "module.vcn_dev.module.oci_vcn.module.logging.module.customlog.oci_logging_log.linux_log",
            "module.vcn_dev.module.oci_vcn.module.logging.module.customlog.oci_logging_log.win_log",
            "module.vcn_dev.module.oci_vcn.module.logging.module.customlog.oci_logging_unified_agent_configuration.linux_unified_agent_configuration",
            "module.vcn_dev.module.oci_vcn.module.logging.module.customlog.oci_logging_unified_agent_configuration.windows_unified_agent_configuration",
            "module.vcn_dev.module.oci_vcn.module.logging.module.devopslog.data.oci_devops_projects.devops_projects",
            "module.vcn_dev.module.oci_vcn.module.logging.module.devopslog.oci_logging_log.devops_log",
            "module.vcn_dev.module.oci_vcn.module.logging.module.emaillog.data.oci_email_email_domains.email_domains",
            "module.vcn_dev.module.oci_vcn.module.logging.module.emaillog.oci_logging_log.email_outboundaccepted_log",
            "module.vcn_dev.module.oci_vcn.module.logging.module.emaillog.oci_logging_log.email_outboundrelayed_log",
            "module.vcn_dev.module.oci_vcn.module.logging.module.eventlog.data.oci_events_rules.event_rules",
            "module.vcn_dev.module.oci_vcn.module.logging.module.eventlog.oci_logging_log.ruleexecution_log",
            "module.vcn_dev.module.oci_vcn.module.logging.module.funclog.data.oci_functions_applications.func_apps",
            "module.vcn_dev.module.oci_vcn.module.logging.module.funclog.oci_logging_log.function_log",
            "module.vcn_dev.module.oci_vcn.module.logging.module.intlog.data.oci_integration_integration_instances.integration_instances",
            "module.vcn_dev.module.oci_vcn.module.logging.module.intlog.oci_logging_log.integration_log",
            "module.vcn_dev.module.oci_vcn.module.logging.module.lblog.data.oci_load_balancer_load_balancers.load_balancers",
            "module.vcn_dev.module.oci_vcn.module.logging.module.lblog.oci_logging_log.lb_access_log",
            "module.vcn_dev.module.oci_vcn.module.logging.module.lblog.oci_logging_log.lb_error_log",
            "module.vcn_dev.module.oci_vcn.module.logging.module.mediaflowlog.data.oci_media_services_media_workflows.media_workflows",
            "module.vcn_dev.module.oci_vcn.module.logging.module.mediaflowlog.oci_logging_log.mediaflow_execution_log",
            "module.vcn_dev.module.oci_vcn.module.logging.module.objectstorelog.oci_logging_log.os_read_log",
            "module.vcn_dev.module.oci_vcn.module.logging.module.objectstorelog.oci_logging_log.os_write_log",
            "module.vcn_dev.module.oci_vcn.module.logging.module.vcnlog.data.oci_core_subnets.withoutvcn",
            "module.vcn_dev.module.oci_vcn.module.logging.module.vcnlog.data.oci_core_subnets.withvcn",
            "module.vcn_dev.module.oci_vcn.module.logging.module.vcnlog.oci_logging_log.vcn_log",
            "module.vcn_dev.module.oci_vcn.module.logging.module.vpnlog.data.oci_core_ipsec_connections.ip_sec_connections",
            "module.vcn_dev.module.oci_vcn.module.logging.module.vpnlog.oci_logging_log.vpn_log",
            "module.vcn_dev.module.oci_vcn.module.logging.module.waflog.data.oci_waf_web_app_firewalls.web_app_firewalls",
            "module.vcn_dev.module.oci_vcn.module.logging.module.waflog.oci_logging_log.waf_log",
            "module.vcn_dev.module.oci_vcn.module.logging.oci_logging_log_group.analyticscloudloggroup",
            "module.vcn_dev.module.oci_vcn.module.logging.oci_logging_log_group.apigwloggroup",
            "module.vcn_dev.module.oci_vcn.module.logging.oci_logging_log_group.apmloggroup",
            "module.vcn_dev.module.oci_vcn.module.logging.oci_logging_log_group.devopsloggroup",
            "module.vcn_dev.module.oci_vcn.module.logging.oci_logging_log_group.emailloggroup",
            "module.vcn_dev.module.oci_vcn.module.logging.oci_logging_log_group.eventloggroup",
            "module.vcn_dev.module.oci_vcn.module.logging.oci_logging_log_group.funcloggroup",
            "module.vcn_dev.module.oci_vcn.module.logging.oci_logging_log_group.intloggroup",
            "module.vcn_dev.module.oci_vcn.module.logging.oci_logging_log_group.lbloggroup",
            "module.vcn_dev.module.oci_vcn.module.logging.oci_logging_log_group.linuxloggroup",
            "module.vcn_dev.module.oci_vcn.module.logging.oci_logging_log_group.medialoggroup",
            "module.vcn_dev.module.oci_vcn.module.logging.oci_logging_log_group.osloggroup",
            "module.vcn_dev.module.oci_vcn.module.logging.oci_logging_log_group.vcnloggroup",
            "module.vcn_dev.module.oci_vcn.module.logging.oci_logging_log_group.vpnloggroup",
            "module.vcn_dev.module.oci_vcn.module.logging.oci_logging_log_group.wafloggroup",
            "module.vcn_dev.module.oci_vcn.module.logging.oci_logging_log_group.winloggroup",
            "module.vcn_dev.module.oci_vcn.module.subnet.data.oci_core_dhcp_options.dhcp_options",
            "module.vcn_dev.module.oci_vcn.module.subnet.data.oci_identity_availability_domains.all",
            "module.vcn_dev.module.oci_vcn.module.subnet.oci_core_subnet.vcn_subnet",
            "module.vcn_dev.module.oci_vcn.oci_core_default_security_list.lockdown",
            "module.vcn_dev.module.oci_vcn.oci_core_default_security_list.restore_default",
            "module.vcn_dev.module.oci_vcn.oci_core_internet_gateway.ig",
            "module.vcn_dev.module.oci_vcn.oci_core_local_peering_gateway.lpg",
            "module.vcn_dev.module.oci_vcn.oci_core_nat_gateway.nat_gateway",
            "module.vcn_dev.module.oci_vcn.oci_core_public_ip.nat_gateway_public_ip",
            "module.vcn_dev.module.oci_vcn.oci_core_route_table.ig",
            "module.vcn_dev.module.oci_vcn.oci_core_route_table.nat",
            "module.vcn_dev.module.oci_vcn.oci_core_route_table.service_gw",
            "module.vcn_dev.module.oci_vcn.oci_core_service_gateway.service_gateway",
            "module.vcn_dev.module.oci_vcn.oci_core_vcn.vcn",
            "module.vcn_dev.oci_core_route_table.private_route_table_vpn",
            "module.vcn_dev.oci_core_security_list.oci_instance_security_list",
            "module.vcn_dev.oci_core_subnet.oci_subnet_private_1",
            "module.vcn_dev.oci_core_subnet.oci_subnet_public_1"
          ]
        }
      ]
    },
    {
      "module": "module.dbsystem_dev",
      "mode": "managed",
      "type": "oci_database_db_system",
      "name": "test_db_system",
      "provider": "provider[\"registry.terraform.io/hashicorp/oci\"]",
      "instances": [
        {
          "schema_version": 0,
          "attributes": {
            "availability_domain": "YINh:PHX-AD-1",
            "backup_network_nsg_ids": null,
            "backup_subnet_id": null,
            "cluster_name": null,
            "compartment_id": "ocid1.compartment.oc1..aaaaaaaago6deoyb4hatbg62hvcr7o4xfv7wb7qxk4rfyxo72a5vrltw37tq",
            "cpu_core_count": 2,
            "data_collection_options": [
              {
                "is_diagnostics_events_enabled": false,
                "is_health_monitoring_enabled": false,
                "is_incident_logs_enabled": false
              }
            ],
            "data_storage_percentage": 80,
            "data_storage_size_in_gb": 256,
            "database_edition": "ENTERPRISE_EDITION",
            "db_home": [
              {
                "create_async": false,
                "database": [
                  {
                    "admin_password": "Manager1##2Datum",
                    "backup_id": "",
                    "backup_tde_password": "",
                    "character_set": "AL32UTF8",
                    "connection_strings": [
                      {
                        "all_connection_strings": {
                          "cdbDefault": "mydbhost.pbagarcia1.vcn.oraclevcn.com:1521/datumdb_k38_phx.pbagarcia1.vcn.oraclevcn.com",
                          "cdbIpDefault": "(DESCRIPTION=(CONNECT_TIMEOUT=5)(TRANSPORT_CONNECT_TIMEOUT=3)(RETRY_COUNT=3)(ADDRESS_LIST=(LOAD_BALANCE=on)(ADDRESS=(PROTOCOL=TCP)(HOST=10.12.4.42)(PORT=1521)))(CONNECT_DATA=(SERVICE_NAME=datumdb_k38_phx.pbagarcia1.vcn.oraclevcn.com)))"
                        },
                        "cdb_default": "mydbhost.pbagarcia1.vcn.oraclevcn.com:1521/datumdb_k38_phx.pbagarcia1.vcn.oraclevcn.com",
                        "cdb_ip_default": "(DESCRIPTION=(CONNECT_TIMEOUT=5)(TRANSPORT_CONNECT_TIMEOUT=3)(RETRY_COUNT=3)(ADDRESS_LIST=(LOAD_BALANCE=on)(ADDRESS=(PROTOCOL=TCP)(HOST=10.12.4.42)(PORT=1521)))(CONNECT_DATA=(SERVICE_NAME=datumdb_k38_phx.pbagarcia1.vcn.oraclevcn.com)))"
                      }
                    ],
                    "database_id": "",
                    "database_software_image_id": "",
                    "db_backup_config": [],
                    "db_domain": "",
                    "db_name": "datumdb",
                    "db_unique_name": "datumdb_k38_phx",
                    "db_workload": "OLTP",
                    "defined_tags": {
                      "Oracle-Tags.CreatedBy": "oracleidentitycloudservice/agarcia@datum.com.gt",
                      "Oracle-Tags.CreatedOn": "2025-08-05T22:39:23.286Z"
                    },
                    "freeform_tags": {},
                    "id": "ocid1.database.oc1.phx.anyhqljsmds2pjiaelfj47btvunsvkbjbvalopbmr3muk7znqs6jtxpuzspa",
                    "kms_key_id": "",
                    "kms_key_version_id": "",
                    "lifecycle_details": "",
                    "ncharacter_set": "AL16UTF16",
                    "pdb_name": "",
                    "pluggable_databases": [],
                    "state": "AVAILABLE",
                    "tde_wallet_password": "",
                    "time_created": "2025-08-05 22:39:23.421 +0000 UTC",
                    "time_stamp_for_point_in_time_recovery": "",
                    "vault_id": ""
                  }
                ],
                "database_software_image_id": "",
                "db_home_location": "/u01/app/oracle/product/21.0.0/dbhome_1",
                "db_version": "21.18.0.0.0",
                "defined_tags": {},
                "display_name": "MyDBSystem",
                "freeform_tags": {},
                "id": "ocid1.dbhome.oc1.phx.anyhqljsqpdbsdaaz2q6ajpv5dusyi5545agokaslppqvg3bzwz75y5ikouq",
                "is_unified_auditing_enabled": false,
                "last_patch_history_entry_id": "",
                "lifecycle_details": "",
                "state": "AVAILABLE",
                "time_created": "2025-08-05 22:39:23.413 +0000 UTC"
              }
            ],
            "db_system_options": [
              {
                "storage_management": "LVM"
              }
            ],
            "defined_tags": {
              "Oracle-Tags.CreatedBy": "oracleidentitycloudservice/agarcia@datum.com.gt",
              "Oracle-Tags.CreatedOn": "2025-08-05T22:39:23.186Z"
            },
            "disk_redundancy": "HIGH",
            "display_name": "MyDBSystem",
            "domain": "pbagarcia1.vcn.oraclevcn.com",
            "fault_domains": [
              "FAULT-DOMAIN-3"
            ],
            "freeform_tags": {},
            "hostname": "mydbhost",
            "id": "ocid1.dbsystem.oc1.phx.anyhqljsmds2pjiaktt2xjzfih2z3jog2gqawmrlwdz7gnfsbusnvyigylvq",
            "iorm_config_cache": [],
            "kms_key_id": null,
            "kms_key_version_id": null,
            "last_maintenance_run_id": null,
            "last_patch_history_entry_id": null,
            "license_model": "LICENSE_INCLUDED",
            "lifecycle_details": null,
            "listener_port": 1521,
            "maintenance_window": [],
            "maintenance_window_details": [],
            "memory_size_in_gbs": 30,
            "next_maintenance_run_id": null,
            "node_count": 1,
            "nsg_ids": null,
            "os_version": null,
            "point_in_time_data_disk_clone_timestamp": null,
            "private_ip": null,
            "private_ip_v6": null,
            "reco_storage_size_in_gb": 256,
            "scan_dns_name": null,
            "scan_dns_record_id": null,
            "scan_ip_ids": [],
            "scan_ipv6ids": [],
            "security_attributes": {},
            "shape": "VM.Standard2.2",
            "source": "NONE",
            "source_db_system_id": null,
            "sparse_diskgroup": null,
            "ssh_public_keys": [
              "ssh-rsa AAAAB3NzaC1yc2EAAAADAQABAAABAQCXpWwg3Bv5h+rkCHvuoRBCf/bXeWhSlMLKaW3VHMn86lNa7QvGTKQcSYbOLdfl65CadHaOSqd5oc8CynIxmRRGe94WyPwrvhsOyfwZLfLz0xPcukEzzN1bmguhpsTi3RoO+jOm0Es/e7IDnoE/3rjwDASPbZp/geYbNx3BjYOv7xOR2Oy3KBfjjBdIwHUyHKOrwjXZVwTX0LWNYT8SnILJiMKzzDr8HcvtzAS2l5kI7PjHTaMa3gcf7O+FGVlV20+caU/2sJMwIpfI6xmWG4J9Wk0+myjL+JMnCsODdKt5Nuudewl9X6aGLyzRWU+wMHBSfJJ8Z5uiXPfp8CurF0i3 agarcia@DESKTOP-3LKUDD9\n"
            ],
            "state": "AVAILABLE",
            "storage_volume_performance_mode": "BALANCED",
            "subnet_id": "ocid1.subnet.oc1.phx.aaaaaaaajncnxkyyjq23agiulljjcqwpkbh4nlvplurmpvcgyxxl3uls63bq",
            "system_tags": {},
            "time_created": "2025-08-05 22:39:23.4 +0000 UTC",
            "time_zone": "UTC",
            "timeouts": {
              "create": "3h",
              "delete": null,
              "update": null
            },
            "version": null,
            "vip_ids": [],
            "vipv6ids": [],
            "zone_id": null
          },
          "sensitive_attributes": [
            [
              {
                "type": "get_attr",
                "value": "db_home"
              },
              {
                "type": "index",
                "value": {
                  "value": 0,
                  "type": "number"
                }
              },
              {
                "type": "get_attr",
                "value": "database"
              },
              {
                "type": "index",
                "value": {
                  "value": 0,
                  "type": "number"
                }
              },
              {
                "type": "get_attr",
                "value": "admin_password"
              }
            ],
            [
              {
                "type": "get_attr",
                "value": "db_home"
              },
              {
                "type": "index",
                "value": {
                  "value": 0,
                  "type": "number"
                }
              },
              {
                "type": "get_attr",
                "value": "database"
              },
              {
                "type": "index",
                "value": {
                  "value": 0,
                  "type": "number"
                }
              },
              {
                "type": "get_attr",
                "value": "backup_tde_password"
              }
            ],
            [
              {
                "type": "get_attr",
                "value": "db_home"
              },
              {
                "type": "index",
                "value": {
                  "value": 0,
                  "type": "number"
                }
              },
              {
                "type": "get_attr",
                "value": "database"
              },
              {
                "type": "index",
                "value": {
                  "value": 0,
                  "type": "number"
                }
              },
              {
                "type": "get_attr",
                "value": "tde_wallet_password"
              }
            ]
          ],
          "identity_schema_version": 0,
          "private": "eyJlMmJmYjczMC1lY2FhLTExZTYtOGY4OC0zNDM2M2JjN2M0YzAiOnsiY3JlYXRlIjoxMDgwMDAwMDAwMDAwMCwiZGVsZXRlIjo3MjAwMDAwMDAwMDAwLCJ1cGRhdGUiOjcyMDAwMDAwMDAwMDB9fQ==",
          "dependencies": [
            "module.vcn_dev.data.oci_identity_availability_domains.ads",
            "module.vcn_dev.module.oci_vcn.data.oci_core_services.all_oci_services",
            "module.vcn_dev.module.oci_vcn.module.logging.module.analyticscloudlog.data.oci_analytics_analytics_instances.analyticscloud",
            "module.vcn_dev.module.oci_vcn.module.logging.module.analyticscloudlog.oci_logging_log.analyticscloud_audit_log",
            "module.vcn_dev.module.oci_vcn.module.logging.module.analyticscloudlog.oci_logging_log.analyticscloud_diag_log",
            "module.vcn_dev.module.oci_vcn.module.logging.module.apigwlog.data.oci_apigateway_deployments.apigw_deployments",
            "module.vcn_dev.module.oci_vcn.module.logging.module.apigwlog.oci_logging_log.apigw_access_log",
            "module.vcn_dev.module.oci_vcn.module.logging.module.apigwlog.oci_logging_log.apigw_exec_log",
            "module.vcn_dev.module.oci_vcn.module.logging.module.apmlog.data.oci_apm_apm_domains.apm_domains",
            "module.vcn_dev.module.oci_vcn.module.logging.module.apmlog.oci_logging_log.apm_log",
            "module.vcn_dev.module.oci_vcn.module.logging.module.customlog.data.oci_identity_dynamic_groups.linux_dynamic_groups",
            "module.vcn_dev.module.oci_vcn.module.logging.module.customlog.data.oci_identity_dynamic_groups.win_dynamic_groups",
            "module.vcn_dev.module.oci_vcn.module.logging.module.customlog.oci_logging_log.linux_log",
            "module.vcn_dev.module.oci_vcn.module.logging.module.customlog.oci_logging_log.win_log",
            "module.vcn_dev.module.oci_vcn.module.logging.module.customlog.oci_logging_unified_agent_configuration.linux_unified_agent_configuration",
            "module.vcn_dev.module.oci_vcn.module.logging.module.customlog.oci_logging_unified_agent_configuration.windows_unified_agent_configuration",
            "module.vcn_dev.module.oci_vcn.module.logging.module.devopslog.data.oci_devops_projects.devops_projects",
            "module.vcn_dev.module.oci_vcn.module.logging.module.devopslog.oci_logging_log.devops_log",
            "module.vcn_dev.module.oci_vcn.module.logging.module.emaillog.data.oci_email_email_domains.email_domains",
            "module.vcn_dev.module.oci_vcn.module.logging.module.emaillog.oci_logging_log.email_outboundaccepted_log",
            "module.vcn_dev.module.oci_vcn.module.logging.module.emaillog.oci_logging_log.email_outboundrelayed_log",
            "module.vcn_dev.module.oci_vcn.module.logging.module.eventlog.data.oci_events_rules.event_rules",
            "module.vcn_dev.module.oci_vcn.module.logging.module.eventlog.oci_logging_log.ruleexecution_log",
            "module.vcn_dev.module.oci_vcn.module.logging.module.funclog.data.oci_functions_applications.func_apps",
            "module.vcn_dev.module.oci_vcn.module.logging.module.funclog.oci_logging_log.function_log",
            "module.vcn_dev.module.oci_vcn.module.logging.module.intlog.data.oci_integration_integration_instances.integration_instances",
            "module.vcn_dev.module.oci_vcn.module.logging.module.intlog.oci_logging_log.integration_log",
            "module.vcn_dev.module.oci_vcn.module.logging.module.lblog.data.oci_load_balancer_load_balancers.load_balancers",
            "module.vcn_dev.module.oci_vcn.module.logging.module.lblog.oci_logging_log.lb_access_log",
            "module.vcn_dev.module.oci_vcn.module.logging.module.lblog.oci_logging_log.lb_error_log",
            "module.vcn_dev.module.oci_vcn.module.logging.module.mediaflowlog.data.oci_media_services_media_workflows.media_workflows",
            "module.vcn_dev.module.oci_vcn.module.logging.module.mediaflowlog.oci_logging_log.mediaflow_execution_log",
            "module.vcn_dev.module.oci_vcn.module.logging.module.objectstorelog.oci_logging_log.os_read_log",
            "module.vcn_dev.module.oci_vcn.module.logging.module.objectstorelog.oci_logging_log.os_write_log",
            "module.vcn_dev.module.oci_vcn.module.logging.module.vcnlog.data.oci_core_subnets.withoutvcn",
            "module.vcn_dev.module.oci_vcn.module.logging.module.vcnlog.data.oci_core_subnets.withvcn",
            "module.vcn_dev.module.oci_vcn.module.logging.module.vcnlog.oci_logging_log.vcn_log",
            "module.vcn_dev.module.oci_vcn.module.logging.module.vpnlog.data.oci_core_ipsec_connections.ip_sec_connections",
            "module.vcn_dev.module.oci_vcn.module.logging.module.vpnlog.oci_logging_log.vpn_log",
            "module.vcn_dev.module.oci_vcn.module.logging.module.waflog.data.oci_waf_web_app_firewalls.web_app_firewalls",
            "module.vcn_dev.module.oci_vcn.module.logging.module.waflog.oci_logging_log.waf_log",
            "module.vcn_dev.module.oci_vcn.module.logging.oci_logging_log_group.analyticscloudloggroup",
            "module.vcn_dev.module.oci_vcn.module.logging.oci_logging_log_group.apigwloggroup",
            "module.vcn_dev.module.oci_vcn.module.logging.oci_logging_log_group.apmloggroup",
            "module.vcn_dev.module.oci_vcn.module.logging.oci_logging_log_group.devopsloggroup",
            "module.vcn_dev.module.oci_vcn.module.logging.oci_logging_log_group.emailloggroup",
            "module.vcn_dev.module.oci_vcn.module.logging.oci_logging_log_group.eventloggroup",
            "module.vcn_dev.module.oci_vcn.module.logging.oci_logging_log_group.funcloggroup",
            "module.vcn_dev.module.oci_vcn.module.logging.oci_logging_log_group.intloggroup",
            "module.vcn_dev.module.oci_vcn.module.logging.oci_logging_log_group.lbloggroup",
            "module.vcn_dev.module.oci_vcn.module.logging.oci_logging_log_group.linuxloggroup",
            "module.vcn_dev.module.oci_vcn.module.logging.oci_logging_log_group.medialoggroup",
            "module.vcn_dev.module.oci_vcn.module.logging.oci_logging_log_group.osloggroup",
            "module.vcn_dev.module.oci_vcn.module.logging.oci_logging_log_group.vcnloggroup",
            "module.vcn_dev.module.oci_vcn.module.logging.oci_logging_log_group.vpnloggroup",
            "module.vcn_dev.module.oci_vcn.module.logging.oci_logging_log_group.wafloggroup",
            "module.vcn_dev.module.oci_vcn.module.logging.oci_logging_log_group.winloggroup",
            "module.vcn_dev.module.oci_vcn.module.subnet.data.oci_core_dhcp_options.dhcp_options",
            "module.vcn_dev.module.oci_vcn.module.subnet.data.oci_identity_availability_domains.all",
            "module.vcn_dev.module.oci_vcn.module.subnet.oci_core_subnet.vcn_subnet",
            "module.vcn_dev.module.oci_vcn.oci_core_default_security_list.lockdown",
            "module.vcn_dev.module.oci_vcn.oci_core_default_security_list.restore_default",
            "module.vcn_dev.module.oci_vcn.oci_core_internet_gateway.ig",
            "module.vcn_dev.module.oci_vcn.oci_core_local_peering_gateway.lpg",
            "module.vcn_dev.module.oci_vcn.oci_core_nat_gateway.nat_gateway",
            "module.vcn_dev.module.oci_vcn.oci_core_public_ip.nat_gateway_public_ip",
            "module.vcn_dev.module.oci_vcn.oci_core_route_table.ig",
            "module.vcn_dev.module.oci_vcn.oci_core_route_table.nat",
            "module.vcn_dev.module.oci_vcn.oci_core_route_table.service_gw",
            "module.vcn_dev.module.oci_vcn.oci_core_service_gateway.service_gateway",
            "module.vcn_dev.module.oci_vcn.oci_core_vcn.vcn",
            "module.vcn_dev.oci_core_route_table.private_route_table_vpn",
            "module.vcn_dev.oci_core_security_list.oci_instance_security_list",
            "module.vcn_dev.oci_core_subnet.oci_subnet_private_1",
            "module.vcn_dev.oci_core_subnet.oci_subnet_public_1"
          ]
        }
      ]
    },
    {
      "module": "module.vcn_dev",
      "mode": "data",
      "type": "oci_identity_availability_domains",
      "name": "ads",
      "provider": "provider[\"registry.terraform.io/hashicorp/oci\"]",
      "instances": [
        {
          "schema_version": 0,
          "attributes": {
            "availability_domains": [
              {
                "compartment_id": "ocid1.compartment.oc1..aaaaaaaago6deoyb4hatbg62hvcr7o4xfv7wb7qxk4rfyxo72a5vrltw37tq",
                "id": "ocid1.availabilitydomain.oc1..aaaaaaaakemzo4ywaynz573sk4jpvwuqi7vmcuxajxfv4jjj2pthez3j2hbq",
                "name": "YINh:PHX-AD-1"
              },
              {
                "compartment_id": "ocid1.compartment.oc1..aaaaaaaago6deoyb4hatbg62hvcr7o4xfv7wb7qxk4rfyxo72a5vrltw37tq",
                "id": "ocid1.availabilitydomain.oc1..aaaaaaaac7uydq54rcymamzauv5pd23qk2g2vqlrfu5jd3y6i6qxpvvzkf7a",
                "name": "YINh:PHX-AD-2"
              },
              {
                "compartment_id": "ocid1.compartment.oc1..aaaaaaaago6deoyb4hatbg62hvcr7o4xfv7wb7qxk4rfyxo72a5vrltw37tq",
                "id": "ocid1.availabilitydomain.oc1..aaaaaaaaupx7ga46w4xbb3fnkoh7rtyumacyb3ek6bw7bt3qff3mgt3mbrlq",
                "name": "YINh:PHX-AD-3"
              }
            ],
            "compartment_id": "ocid1.compartment.oc1..aaaaaaaago6deoyb4hatbg62hvcr7o4xfv7wb7qxk4rfyxo72a5vrltw37tq",
            "filter": null,
            "id": "IdentityAvailabilityDomainsDataSource-3275139678"
          },
          "sensitive_attributes": [],
          "identity_schema_version": 0
        }
      ]
    },
    {
      "module": "module.vcn_dev",
      "mode": "managed",
      "type": "oci_core_route_table",
      "name": "private_route_table_vpn",
      "provider": "provider[\"registry.terraform.io/hashicorp/oci\"]",
      "instances": [
        {
          "schema_version": 0,
          "attributes": {
            "compartment_id": "ocid1.compartment.oc1..aaaaaaaago6deoyb4hatbg62hvcr7o4xfv7wb7qxk4rfyxo72a5vrltw37tq",
            "defined_tags": {
              "Oracle-Tags.CreatedBy": "oracleidentitycloudservice/agarcia@datum.com.gt",
              "Oracle-Tags.CreatedOn": "2025-08-05T22:39:17.525Z"
            },
            "display_name": "agarcia-private-vpn-route-table",
            "freeform_tags": {},
            "id": "ocid1.routetable.oc1.phx.aaaaaaaaihfzonfmzn2uxrcfk3g546saj7mtxvye6xynqf3wg73h5d33p6na",
            "route_rules": [
              {
                "cidr_block": "",
                "description": "Tráfico a Internet vía NAT Gateway",
                "destination": "0.0.0.0/0",
                "destination_type": "CIDR_BLOCK",
                "network_entity_id": "ocid1.natgateway.oc1.phx.aaaaaaaaara67x4hqons2kmpzsdphlrpussa6pt6lcq42mzsjuhsuxbtrpaq",
                "route_type": ""
              }
            ],
            "state": "AVAILABLE",
            "time_created": "2025-08-05 22:39:17.563 +0000 UTC",
            "timeouts": null,
            "vcn_id": "ocid1.vcn.oc1.phx.amaaaaaamds2pjiawbfiqile6b76nevsyussfxznzkv2yg4j75vqcp24uqaa"
          },
          "sensitive_attributes": [],
          "identity_schema_version": 0,
          "private": "eyJlMmJmYjczMC1lY2FhLTExZTYtOGY4OC0zNDM2M2JjN2M0YzAiOnsiY3JlYXRlIjoxMjAwMDAwMDAwMDAwLCJkZWxldGUiOjEyMDAwMDAwMDAwMDAsInVwZGF0ZSI6MTIwMDAwMDAwMDAwMH19",
          "dependencies": [
            "module.vcn_dev.module.oci_vcn.data.oci_core_services.all_oci_services",
            "module.vcn_dev.module.oci_vcn.module.logging.module.analyticscloudlog.data.oci_analytics_analytics_instances.analyticscloud",
            "module.vcn_dev.module.oci_vcn.module.logging.module.analyticscloudlog.oci_logging_log.analyticscloud_audit_log",
            "module.vcn_dev.module.oci_vcn.module.logging.module.analyticscloudlog.oci_logging_log.analyticscloud_diag_log",
            "module.vcn_dev.module.oci_vcn.module.logging.module.apigwlog.data.oci_apigateway_deployments.apigw_deployments",
            "module.vcn_dev.module.oci_vcn.module.logging.module.apigwlog.oci_logging_log.apigw_access_log",
            "module.vcn_dev.module.oci_vcn.module.logging.module.apigwlog.oci_logging_log.apigw_exec_log",
            "module.vcn_dev.module.oci_vcn.module.logging.module.apmlog.data.oci_apm_apm_domains.apm_domains",
            "module.vcn_dev.module.oci_vcn.module.logging.module.apmlog.oci_logging_log.apm_log",
            "module.vcn_dev.module.oci_vcn.module.logging.module.customlog.data.oci_identity_dynamic_groups.linux_dynamic_groups",
            "module.vcn_dev.module.oci_vcn.module.logging.module.customlog.data.oci_identity_dynamic_groups.win_dynamic_groups",
            "module.vcn_dev.module.oci_vcn.module.logging.module.customlog.oci_logging_log.linux_log",
            "module.vcn_dev.module.oci_vcn.module.logging.module.customlog.oci_logging_log.win_log",
            "module.vcn_dev.module.oci_vcn.module.logging.module.customlog.oci_logging_unified_agent_configuration.linux_unified_agent_configuration",
            "module.vcn_dev.module.oci_vcn.module.logging.module.customlog.oci_logging_unified_agent_configuration.windows_unified_agent_configuration",
            "module.vcn_dev.module.oci_vcn.module.logging.module.devopslog.data.oci_devops_projects.devops_projects",
            "module.vcn_dev.module.oci_vcn.module.logging.module.devopslog.oci_logging_log.devops_log",
            "module.vcn_dev.module.oci_vcn.module.logging.module.emaillog.data.oci_email_email_domains.email_domains",
            "module.vcn_dev.module.oci_vcn.module.logging.module.emaillog.oci_logging_log.email_outboundaccepted_log",
            "module.vcn_dev.module.oci_vcn.module.logging.module.emaillog.oci_logging_log.email_outboundrelayed_log",
            "module.vcn_dev.module.oci_vcn.module.logging.module.eventlog.data.oci_events_rules.event_rules",
            "module.vcn_dev.module.oci_vcn.module.logging.module.eventlog.oci_logging_log.ruleexecution_log",
            "module.vcn_dev.module.oci_vcn.module.logging.module.funclog.data.oci_functions_applications.func_apps",
            "module.vcn_dev.module.oci_vcn.module.logging.module.funclog.oci_logging_log.function_log",
            "module.vcn_dev.module.oci_vcn.module.logging.module.intlog.data.oci_integration_integration_instances.integration_instances",
            "module.vcn_dev.module.oci_vcn.module.logging.module.intlog.oci_logging_log.integration_log",
            "module.vcn_dev.module.oci_vcn.module.logging.module.lblog.data.oci_load_balancer_load_balancers.load_balancers",
            "module.vcn_dev.module.oci_vcn.module.logging.module.lblog.oci_logging_log.lb_access_log",
            "module.vcn_dev.module.oci_vcn.module.logging.module.lblog.oci_logging_log.lb_error_log",
            "module.vcn_dev.module.oci_vcn.module.logging.module.mediaflowlog.data.oci_media_services_media_workflows.media_workflows",
            "module.vcn_dev.module.oci_vcn.module.logging.module.mediaflowlog.oci_logging_log.mediaflow_execution_log",
            "module.vcn_dev.module.oci_vcn.module.logging.module.objectstorelog.oci_logging_log.os_read_log",
            "module.vcn_dev.module.oci_vcn.module.logging.module.objectstorelog.oci_logging_log.os_write_log",
            "module.vcn_dev.module.oci_vcn.module.logging.module.vcnlog.data.oci_core_subnets.withoutvcn",
            "module.vcn_dev.module.oci_vcn.module.logging.module.vcnlog.data.oci_core_subnets.withvcn",
            "module.vcn_dev.module.oci_vcn.module.logging.module.vcnlog.oci_logging_log.vcn_log",
            "module.vcn_dev.module.oci_vcn.module.logging.module.vpnlog.data.oci_core_ipsec_connections.ip_sec_connections",
            "module.vcn_dev.module.oci_vcn.module.logging.module.vpnlog.oci_logging_log.vpn_log",
            "module.vcn_dev.module.oci_vcn.module.logging.module.waflog.data.oci_waf_web_app_firewalls.web_app_firewalls",
            "module.vcn_dev.module.oci_vcn.module.logging.module.waflog.oci_logging_log.waf_log",
            "module.vcn_dev.module.oci_vcn.module.logging.oci_logging_log_group.analyticscloudloggroup",
            "module.vcn_dev.module.oci_vcn.module.logging.oci_logging_log_group.apigwloggroup",
            "module.vcn_dev.module.oci_vcn.module.logging.oci_logging_log_group.apmloggroup",
            "module.vcn_dev.module.oci_vcn.module.logging.oci_logging_log_group.devopsloggroup",
            "module.vcn_dev.module.oci_vcn.module.logging.oci_logging_log_group.emailloggroup",
            "module.vcn_dev.module.oci_vcn.module.logging.oci_logging_log_group.eventloggroup",
            "module.vcn_dev.module.oci_vcn.module.logging.oci_logging_log_group.funcloggroup",
            "module.vcn_dev.module.oci_vcn.module.logging.oci_logging_log_group.intloggroup",
            "module.vcn_dev.module.oci_vcn.module.logging.oci_logging_log_group.lbloggroup",
            "module.vcn_dev.module.oci_vcn.module.logging.oci_logging_log_group.linuxloggroup",
            "module.vcn_dev.module.oci_vcn.module.logging.oci_logging_log_group.medialoggroup",
            "module.vcn_dev.module.oci_vcn.module.logging.oci_logging_log_group.osloggroup",
            "module.vcn_dev.module.oci_vcn.module.logging.oci_logging_log_group.vcnloggroup",
            "module.vcn_dev.module.oci_vcn.module.logging.oci_logging_log_group.vpnloggroup",
            "module.vcn_dev.module.oci_vcn.module.logging.oci_logging_log_group.wafloggroup",
            "module.vcn_dev.module.oci_vcn.module.logging.oci_logging_log_group.winloggroup",
            "module.vcn_dev.module.oci_vcn.module.subnet.data.oci_core_dhcp_options.dhcp_options",
            "module.vcn_dev.module.oci_vcn.module.subnet.data.oci_identity_availability_domains.all",
            "module.vcn_dev.module.oci_vcn.module.subnet.oci_core_subnet.vcn_subnet",
            "module.vcn_dev.module.oci_vcn.oci_core_default_security_list.lockdown",
            "module.vcn_dev.module.oci_vcn.oci_core_default_security_list.restore_default",
            "module.vcn_dev.module.oci_vcn.oci_core_internet_gateway.ig",
            "module.vcn_dev.module.oci_vcn.oci_core_local_peering_gateway.lpg",
            "module.vcn_dev.module.oci_vcn.oci_core_nat_gateway.nat_gateway",
            "module.vcn_dev.module.oci_vcn.oci_core_public_ip.nat_gateway_public_ip",
            "module.vcn_dev.module.oci_vcn.oci_core_route_table.ig",
            "module.vcn_dev.module.oci_vcn.oci_core_route_table.nat",
            "module.vcn_dev.module.oci_vcn.oci_core_route_table.service_gw",
            "module.vcn_dev.module.oci_vcn.oci_core_service_gateway.service_gateway",
            "module.vcn_dev.module.oci_vcn.oci_core_vcn.vcn"
          ]
        }
      ]
    },
    {
      "module": "module.vcn_dev",
      "mode": "managed",
      "type": "oci_core_security_list",
      "name": "oci_instance_security_list",
      "provider": "provider[\"registry.terraform.io/hashicorp/oci\"]",
      "instances": [
        {
          "schema_version": 0,
          "attributes": {
            "compartment_id": "ocid1.compartment.oc1..aaaaaaaago6deoyb4hatbg62hvcr7o4xfv7wb7qxk4rfyxo72a5vrltw37tq",
            "defined_tags": {
              "Oracle-Tags.CreatedBy": "oracleidentitycloudservice/agarcia@datum.com.gt",
              "Oracle-Tags.CreatedOn": "2025-08-05T22:39:15.893Z"
            },
            "display_name": "agarcia-instance-security-list",
            "egress_security_rules": [
              {
                "description": "Permitir todo el tráfico saliente",
                "destination": "0.0.0.0/0",
                "destination_type": "CIDR_BLOCK",
                "icmp_options": [],
                "protocol": "all",
                "stateless": false,
                "tcp_options": [],
                "udp_options": []
              }
            ],
            "freeform_tags": {},
            "id": "ocid1.securitylist.oc1.phx.aaaaaaaaqh5mjv5vr4nmwpxzfauroxasauwt6dcryg7bp6i464f4vsbnv4ea",
            "ingress_security_rules": [
              {
                "description": "",
                "icmp_options": [
                  {
                    "code": -1,
                    "type": 3
                  }
                ],
                "protocol": "1",
                "source": "0.0.0.0/0",
                "source_type": "CIDR_BLOCK",
                "stateless": false,
                "tcp_options": [],
                "udp_options": []
              },
              {
                "description": "",
                "icmp_options": [
                  {
                    "code": -1,
                    "type": 8
                  }
                ],
                "protocol": "1",
                "source": "0.0.0.0/0",
                "source_type": "CIDR_BLOCK",
                "stateless": false,
                "tcp_options": [],
                "udp_options": []
              },
              {
                "description": "",
                "icmp_options": [],
                "protocol": "6",
                "source": "0.0.0.0/0",
                "source_type": "CIDR_BLOCK",
                "stateless": false,
                "tcp_options": [
                  {
                    "max": 1521,
                    "min": 1521,
                    "source_port_range": []
                  }
                ],
                "udp_options": []
              },
              {
                "description": "",
                "icmp_options": [],
                "protocol": "6",
                "source": "0.0.0.0/0",
                "source_type": "CIDR_BLOCK",
                "stateless": false,
                "tcp_options": [
                  {
                    "max": 22,
                    "min": 22,
                    "source_port_range": []
                  }
                ],
                "udp_options": []
              },
              {
                "description": "",
                "icmp_options": [],
                "protocol": "6",
                "source": "0.0.0.0/0",
                "source_type": "CIDR_BLOCK",
                "stateless": false,
                "tcp_options": [
                  {
                    "max": 443,
                    "min": 443,
                    "source_port_range": []
                  }
                ],
                "udp_options": []
              },
              {
                "description": "",
                "icmp_options": [],
                "protocol": "6",
                "source": "0.0.0.0/0",
                "source_type": "CIDR_BLOCK",
                "stateless": false,
                "tcp_options": [
                  {
                    "max": 51820,
                    "min": 51820,
                    "source_port_range": []
                  }
                ],
                "udp_options": []
              },
              {
                "description": "",
                "icmp_options": [],
                "protocol": "6",
                "source": "0.0.0.0/0",
                "source_type": "CIDR_BLOCK",
                "stateless": false,
                "tcp_options": [
                  {
                    "max": 80,
                    "min": 80,
                    "source_port_range": []
                  }
                ],
                "udp_options": []
              },
              {
                "description": "Permitir todo el tráfico dentro de la VCN",
                "icmp_options": [],
                "protocol": "all",
                "source": "10.12.0.0/16",
                "source_type": "CIDR_BLOCK",
                "stateless": false,
                "tcp_options": [],
                "udp_options": []
              }
            ],
            "state": "AVAILABLE",
            "time_created": "2025-08-05 22:39:15.948 +0000 UTC",
            "timeouts": null,
            "vcn_id": "ocid1.vcn.oc1.phx.amaaaaaamds2pjiawbfiqile6b76nevsyussfxznzkv2yg4j75vqcp24uqaa"
          },
          "sensitive_attributes": [],
          "identity_schema_version": 0,
          "private": "eyJlMmJmYjczMC1lY2FhLTExZTYtOGY4OC0zNDM2M2JjN2M0YzAiOnsiY3JlYXRlIjoxMjAwMDAwMDAwMDAwLCJkZWxldGUiOjEyMDAwMDAwMDAwMDAsInVwZGF0ZSI6MTIwMDAwMDAwMDAwMH19",
          "dependencies": [
            "module.vcn_dev.module.oci_vcn.oci_core_vcn.vcn"
          ],
          "create_before_destroy": true
        }
      ]
    },
    {
      "module": "module.vcn_dev",
      "mode": "managed",
      "type": "oci_core_subnet",
      "name": "oci_subnet_private_1",
      "provider": "provider[\"registry.terraform.io/hashicorp/oci\"]",
      "instances": [
        {
          "schema_version": 0,
          "attributes": {
            "availability_domain": null,
            "cidr_block": "10.12.5.0/24",
            "compartment_id": "ocid1.compartment.oc1..aaaaaaaago6deoyb4hatbg62hvcr7o4xfv7wb7qxk4rfyxo72a5vrltw37tq",
            "defined_tags": {
              "Oracle-Tags.CreatedBy": "oracleidentitycloudservice/agarcia@datum.com.gt",
              "Oracle-Tags.CreatedOn": "2025-08-05T22:39:18.158Z"
            },
            "dhcp_options_id": "ocid1.dhcpoptions.oc1.phx.aaaaaaaardcum6xlwxo7ep25tzqdui64krxxyvkg7ozvwb5eqy55befhc2ya",
            "display_name": "pv-agarcia-1",
            "dns_label": "pvagarcia1",
            "freeform_tags": {},
            "id": "ocid1.subnet.oc1.phx.aaaaaaaa6tderpdkwyamxgs3odohydkzq3yh3vxzhtifukkbw2uo3pobubra",
            "ipv6cidr_block": null,
            "ipv6cidr_blocks": [],
            "ipv6virtual_router_ip": null,
            "prohibit_internet_ingress": true,
            "prohibit_public_ip_on_vnic": true,
            "route_table_id": "ocid1.routetable.oc1.phx.aaaaaaaaihfzonfmzn2uxrcfk3g546saj7mtxvye6xynqf3wg73h5d33p6na",
            "security_list_ids": [
              "ocid1.securitylist.oc1.phx.aaaaaaaaqh5mjv5vr4nmwpxzfauroxasauwt6dcryg7bp6i464f4vsbnv4ea"
            ],
            "state": "AVAILABLE",
            "subnet_domain_name": "pvagarcia1.vcn.oraclevcn.com",
            "time_created": "2025-08-05 22:39:18.475 +0000 UTC",
            "timeouts": null,
            "vcn_id": "ocid1.vcn.oc1.phx.amaaaaaamds2pjiawbfiqile6b76nevsyussfxznzkv2yg4j75vqcp24uqaa",
            "virtual_router_ip": "10.12.5.1",
            "virtual_router_mac": "00:00:17:8E:24:A7"
          },
          "sensitive_attributes": [],
          "identity_schema_version": 0,
          "private": "eyJlMmJmYjczMC1lY2FhLTExZTYtOGY4OC0zNDM2M2JjN2M0YzAiOnsiY3JlYXRlIjoxMjAwMDAwMDAwMDAwLCJkZWxldGUiOjEyMDAwMDAwMDAwMDAsInVwZGF0ZSI6MTIwMDAwMDAwMDAwMH19",
          "dependencies": [
            "module.vcn_dev.module.oci_vcn.data.oci_core_services.all_oci_services",
            "module.vcn_dev.module.oci_vcn.module.logging.module.analyticscloudlog.data.oci_analytics_analytics_instances.analyticscloud",
            "module.vcn_dev.module.oci_vcn.module.logging.module.analyticscloudlog.oci_logging_log.analyticscloud_audit_log",
            "module.vcn_dev.module.oci_vcn.module.logging.module.analyticscloudlog.oci_logging_log.analyticscloud_diag_log",
            "module.vcn_dev.module.oci_vcn.module.logging.module.apigwlog.data.oci_apigateway_deployments.apigw_deployments",
            "module.vcn_dev.module.oci_vcn.module.logging.module.apigwlog.oci_logging_log.apigw_access_log",
            "module.vcn_dev.module.oci_vcn.module.logging.module.apigwlog.oci_logging_log.apigw_exec_log",
            "module.vcn_dev.module.oci_vcn.module.logging.module.apmlog.data.oci_apm_apm_domains.apm_domains",
            "module.vcn_dev.module.oci_vcn.module.logging.module.apmlog.oci_logging_log.apm_log",
            "module.vcn_dev.module.oci_vcn.module.logging.module.customlog.data.oci_identity_dynamic_groups.linux_dynamic_groups",
            "module.vcn_dev.module.oci_vcn.module.logging.module.customlog.data.oci_identity_dynamic_groups.win_dynamic_groups",
            "module.vcn_dev.module.oci_vcn.module.logging.module.customlog.oci_logging_log.linux_log",
            "module.vcn_dev.module.oci_vcn.module.logging.module.customlog.oci_logging_log.win_log",
            "module.vcn_dev.module.oci_vcn.module.logging.module.customlog.oci_logging_unified_agent_configuration.linux_unified_agent_configuration",
            "module.vcn_dev.module.oci_vcn.module.logging.module.customlog.oci_logging_unified_agent_configuration.windows_unified_agent_configuration",
            "module.vcn_dev.module.oci_vcn.module.logging.module.devopslog.data.oci_devops_projects.devops_projects",
            "module.vcn_dev.module.oci_vcn.module.logging.module.devopslog.oci_logging_log.devops_log",
            "module.vcn_dev.module.oci_vcn.module.logging.module.emaillog.data.oci_email_email_domains.email_domains",
            "module.vcn_dev.module.oci_vcn.module.logging.module.emaillog.oci_logging_log.email_outboundaccepted_log",
            "module.vcn_dev.module.oci_vcn.module.logging.module.emaillog.oci_logging_log.email_outboundrelayed_log",
            "module.vcn_dev.module.oci_vcn.module.logging.module.eventlog.data.oci_events_rules.event_rules",
            "module.vcn_dev.module.oci_vcn.module.logging.module.eventlog.oci_logging_log.ruleexecution_log",
            "module.vcn_dev.module.oci_vcn.module.logging.module.funclog.data.oci_functions_applications.func_apps",
            "module.vcn_dev.module.oci_vcn.module.logging.module.funclog.oci_logging_log.function_log",
            "module.vcn_dev.module.oci_vcn.module.logging.module.intlog.data.oci_integration_integration_instances.integration_instances",
            "module.vcn_dev.module.oci_vcn.module.logging.module.intlog.oci_logging_log.integration_log",
            "module.vcn_dev.module.oci_vcn.module.logging.module.lblog.data.oci_load_balancer_load_balancers.load_balancers",
            "module.vcn_dev.module.oci_vcn.module.logging.module.lblog.oci_logging_log.lb_access_log",
            "module.vcn_dev.module.oci_vcn.module.logging.module.lblog.oci_logging_log.lb_error_log",
            "module.vcn_dev.module.oci_vcn.module.logging.module.mediaflowlog.data.oci_media_services_media_workflows.media_workflows",
            "module.vcn_dev.module.oci_vcn.module.logging.module.mediaflowlog.oci_logging_log.mediaflow_execution_log",
            "module.vcn_dev.module.oci_vcn.module.logging.module.objectstorelog.oci_logging_log.os_read_log",
            "module.vcn_dev.module.oci_vcn.module.logging.module.objectstorelog.oci_logging_log.os_write_log",
            "module.vcn_dev.module.oci_vcn.module.logging.module.vcnlog.data.oci_core_subnets.withoutvcn",
            "module.vcn_dev.module.oci_vcn.module.logging.module.vcnlog.data.oci_core_subnets.withvcn",
            "module.vcn_dev.module.oci_vcn.module.logging.module.vcnlog.oci_logging_log.vcn_log",
            "module.vcn_dev.module.oci_vcn.module.logging.module.vpnlog.data.oci_core_ipsec_connections.ip_sec_connections",
            "module.vcn_dev.module.oci_vcn.module.logging.module.vpnlog.oci_logging_log.vpn_log",
            "module.vcn_dev.module.oci_vcn.module.logging.module.waflog.data.oci_waf_web_app_firewalls.web_app_firewalls",
            "module.vcn_dev.module.oci_vcn.module.logging.module.waflog.oci_logging_log.waf_log",
            "module.vcn_dev.module.oci_vcn.module.logging.oci_logging_log_group.analyticscloudloggroup",
            "module.vcn_dev.module.oci_vcn.module.logging.oci_logging_log_group.apigwloggroup",
            "module.vcn_dev.module.oci_vcn.module.logging.oci_logging_log_group.apmloggroup",
            "module.vcn_dev.module.oci_vcn.module.logging.oci_logging_log_group.devopsloggroup",
            "module.vcn_dev.module.oci_vcn.module.logging.oci_logging_log_group.emailloggroup",
            "module.vcn_dev.module.oci_vcn.module.logging.oci_logging_log_group.eventloggroup",
            "module.vcn_dev.module.oci_vcn.module.logging.oci_logging_log_group.funcloggroup",
            "module.vcn_dev.module.oci_vcn.module.logging.oci_logging_log_group.intloggroup",
            "module.vcn_dev.module.oci_vcn.module.logging.oci_logging_log_group.lbloggroup",
            "module.vcn_dev.module.oci_vcn.module.logging.oci_logging_log_group.linuxloggroup",
            "module.vcn_dev.module.oci_vcn.module.logging.oci_logging_log_group.medialoggroup",
            "module.vcn_dev.module.oci_vcn.module.logging.oci_logging_log_group.osloggroup",
            "module.vcn_dev.module.oci_vcn.module.logging.oci_logging_log_group.vcnloggroup",
            "module.vcn_dev.module.oci_vcn.module.logging.oci_logging_log_group.vpnloggroup",
            "module.vcn_dev.module.oci_vcn.module.logging.oci_logging_log_group.wafloggroup",
            "module.vcn_dev.module.oci_vcn.module.logging.oci_logging_log_group.winloggroup",
            "module.vcn_dev.module.oci_vcn.module.subnet.data.oci_core_dhcp_options.dhcp_options",
            "module.vcn_dev.module.oci_vcn.module.subnet.data.oci_identity_availability_domains.all",
            "module.vcn_dev.module.oci_vcn.module.subnet.oci_core_subnet.vcn_subnet",
            "module.vcn_dev.module.oci_vcn.oci_core_default_security_list.lockdown",
            "module.vcn_dev.module.oci_vcn.oci_core_default_security_list.restore_default",
            "module.vcn_dev.module.oci_vcn.oci_core_internet_gateway.ig",
            "module.vcn_dev.module.oci_vcn.oci_core_local_peering_gateway.lpg",
            "module.vcn_dev.module.oci_vcn.oci_core_nat_gateway.nat_gateway",
            "module.vcn_dev.module.oci_vcn.oci_core_public_ip.nat_gateway_public_ip",
            "module.vcn_dev.module.oci_vcn.oci_core_route_table.ig",
            "module.vcn_dev.module.oci_vcn.oci_core_route_table.nat",
            "module.vcn_dev.module.oci_vcn.oci_core_route_table.service_gw",
            "module.vcn_dev.module.oci_vcn.oci_core_service_gateway.service_gateway",
            "module.vcn_dev.module.oci_vcn.oci_core_vcn.vcn",
            "module.vcn_dev.oci_core_route_table.private_route_table_vpn",
            "module.vcn_dev.oci_core_security_list.oci_instance_security_list"
          ]
        }
      ]
    },
    {
      "module": "module.vcn_dev",
      "mode": "managed",
      "type": "oci_core_subnet",
      "name": "oci_subnet_public_1",
      "provider": "provider[\"registry.terraform.io/hashicorp/oci\"]",
      "instances": [
        {
          "schema_version": 0,
          "attributes": {
            "availability_domain": null,
            "cidr_block": "10.12.4.0/24",
            "compartment_id": "ocid1.compartment.oc1..aaaaaaaago6deoyb4hatbg62hvcr7o4xfv7wb7qxk4rfyxo72a5vrltw37tq",
            "defined_tags": {
              "Oracle-Tags.CreatedBy": "oracleidentitycloudservice/agarcia@datum.com.gt",
              "Oracle-Tags.CreatedOn": "2025-08-05T22:39:17.962Z"
            },
            "dhcp_options_id": "ocid1.dhcpoptions.oc1.phx.aaaaaaaardcum6xlwxo7ep25tzqdui64krxxyvkg7ozvwb5eqy55befhc2ya",
            "display_name": "pb-agarcia-1",
            "dns_label": "pbagarcia1",
            "freeform_tags": {},
            "id": "ocid1.subnet.oc1.phx.aaaaaaaajncnxkyyjq23agiulljjcqwpkbh4nlvplurmpvcgyxxl3uls63bq",
            "ipv6cidr_block": null,
            "ipv6cidr_blocks": [],
            "ipv6virtual_router_ip": null,
            "prohibit_internet_ingress": false,
            "prohibit_public_ip_on_vnic": false,
            "route_table_id": "ocid1.routetable.oc1.phx.aaaaaaaa3vc25vtqor7i7xia3kcael4qyqmhub3elu2o4qhwgdfjxbeo4qnq",
            "security_list_ids": [
              "ocid1.securitylist.oc1.phx.aaaaaaaaqh5mjv5vr4nmwpxzfauroxasauwt6dcryg7bp6i464f4vsbnv4ea"
            ],
            "state": "AVAILABLE",
            "subnet_domain_name": "pbagarcia1.vcn.oraclevcn.com",
            "time_created": "2025-08-05 22:39:18.022 +0000 UTC",
            "timeouts": null,
            "vcn_id": "ocid1.vcn.oc1.phx.amaaaaaamds2pjiawbfiqile6b76nevsyussfxznzkv2yg4j75vqcp24uqaa",
            "virtual_router_ip": "10.12.4.1",
            "virtual_router_mac": "00:00:17:8E:24:A7"
          },
          "sensitive_attributes": [],
          "identity_schema_version": 0,
          "private": "eyJlMmJmYjczMC1lY2FhLTExZTYtOGY4OC0zNDM2M2JjN2M0YzAiOnsiY3JlYXRlIjoxMjAwMDAwMDAwMDAwLCJkZWxldGUiOjEyMDAwMDAwMDAwMDAsInVwZGF0ZSI6MTIwMDAwMDAwMDAwMH19",
          "dependencies": [
            "module.vcn_dev.module.oci_vcn.data.oci_core_services.all_oci_services",
            "module.vcn_dev.module.oci_vcn.module.logging.module.analyticscloudlog.data.oci_analytics_analytics_instances.analyticscloud",
            "module.vcn_dev.module.oci_vcn.module.logging.module.analyticscloudlog.oci_logging_log.analyticscloud_audit_log",
            "module.vcn_dev.module.oci_vcn.module.logging.module.analyticscloudlog.oci_logging_log.analyticscloud_diag_log",
            "module.vcn_dev.module.oci_vcn.module.logging.module.apigwlog.data.oci_apigateway_deployments.apigw_deployments",
            "module.vcn_dev.module.oci_vcn.module.logging.module.apigwlog.oci_logging_log.apigw_access_log",
            "module.vcn_dev.module.oci_vcn.module.logging.module.apigwlog.oci_logging_log.apigw_exec_log",
            "module.vcn_dev.module.oci_vcn.module.logging.module.apmlog.data.oci_apm_apm_domains.apm_domains",
            "module.vcn_dev.module.oci_vcn.module.logging.module.apmlog.oci_logging_log.apm_log",
            "module.vcn_dev.module.oci_vcn.module.logging.module.customlog.data.oci_identity_dynamic_groups.linux_dynamic_groups",
            "module.vcn_dev.module.oci_vcn.module.logging.module.customlog.data.oci_identity_dynamic_groups.win_dynamic_groups",
            "module.vcn_dev.module.oci_vcn.module.logging.module.customlog.oci_logging_log.linux_log",
            "module.vcn_dev.module.oci_vcn.module.logging.module.customlog.oci_logging_log.win_log",
            "module.vcn_dev.module.oci_vcn.module.logging.module.customlog.oci_logging_unified_agent_configuration.linux_unified_agent_configuration",
            "module.vcn_dev.module.oci_vcn.module.logging.module.customlog.oci_logging_unified_agent_configuration.windows_unified_agent_configuration",
            "module.vcn_dev.module.oci_vcn.module.logging.module.devopslog.data.oci_devops_projects.devops_projects",
            "module.vcn_dev.module.oci_vcn.module.logging.module.devopslog.oci_logging_log.devops_log",
            "module.vcn_dev.module.oci_vcn.module.logging.module.emaillog.data.oci_email_email_domains.email_domains",
            "module.vcn_dev.module.oci_vcn.module.logging.module.emaillog.oci_logging_log.email_outboundaccepted_log",
            "module.vcn_dev.module.oci_vcn.module.logging.module.emaillog.oci_logging_log.email_outboundrelayed_log",
            "module.vcn_dev.module.oci_vcn.module.logging.module.eventlog.data.oci_events_rules.event_rules",
            "module.vcn_dev.module.oci_vcn.module.logging.module.eventlog.oci_logging_log.ruleexecution_log",
            "module.vcn_dev.module.oci_vcn.module.logging.module.funclog.data.oci_functions_applications.func_apps",
            "module.vcn_dev.module.oci_vcn.module.logging.module.funclog.oci_logging_log.function_log",
            "module.vcn_dev.module.oci_vcn.module.logging.module.intlog.data.oci_integration_integration_instances.integration_instances",
            "module.vcn_dev.module.oci_vcn.module.logging.module.intlog.oci_logging_log.integration_log",
            "module.vcn_dev.module.oci_vcn.module.logging.module.lblog.data.oci_load_balancer_load_balancers.load_balancers",
            "module.vcn_dev.module.oci_vcn.module.logging.module.lblog.oci_logging_log.lb_access_log",
            "module.vcn_dev.module.oci_vcn.module.logging.module.lblog.oci_logging_log.lb_error_log",
            "module.vcn_dev.module.oci_vcn.module.logging.module.mediaflowlog.data.oci_media_services_media_workflows.media_workflows",
            "module.vcn_dev.module.oci_vcn.module.logging.module.mediaflowlog.oci_logging_log.mediaflow_execution_log",
            "module.vcn_dev.module.oci_vcn.module.logging.module.objectstorelog.oci_logging_log.os_read_log",
            "module.vcn_dev.module.oci_vcn.module.logging.module.objectstorelog.oci_logging_log.os_write_log",
            "module.vcn_dev.module.oci_vcn.module.logging.module.vcnlog.data.oci_core_subnets.withoutvcn",
            "module.vcn_dev.module.oci_vcn.module.logging.module.vcnlog.data.oci_core_subnets.withvcn",
            "module.vcn_dev.module.oci_vcn.module.logging.module.vcnlog.oci_logging_log.vcn_log",
            "module.vcn_dev.module.oci_vcn.module.logging.module.vpnlog.data.oci_core_ipsec_connections.ip_sec_connections",
            "module.vcn_dev.module.oci_vcn.module.logging.module.vpnlog.oci_logging_log.vpn_log",
            "module.vcn_dev.module.oci_vcn.module.logging.module.waflog.data.oci_waf_web_app_firewalls.web_app_firewalls",
            "module.vcn_dev.module.oci_vcn.module.logging.module.waflog.oci_logging_log.waf_log",
            "module.vcn_dev.module.oci_vcn.module.logging.oci_logging_log_group.analyticscloudloggroup",
            "module.vcn_dev.module.oci_vcn.module.logging.oci_logging_log_group.apigwloggroup",
            "module.vcn_dev.module.oci_vcn.module.logging.oci_logging_log_group.apmloggroup",
            "module.vcn_dev.module.oci_vcn.module.logging.oci_logging_log_group.devopsloggroup",
            "module.vcn_dev.module.oci_vcn.module.logging.oci_logging_log_group.emailloggroup",
            "module.vcn_dev.module.oci_vcn.module.logging.oci_logging_log_group.eventloggroup",
            "module.vcn_dev.module.oci_vcn.module.logging.oci_logging_log_group.funcloggroup",
            "module.vcn_dev.module.oci_vcn.module.logging.oci_logging_log_group.intloggroup",
            "module.vcn_dev.module.oci_vcn.module.logging.oci_logging_log_group.lbloggroup",
            "module.vcn_dev.module.oci_vcn.module.logging.oci_logging_log_group.linuxloggroup",
            "module.vcn_dev.module.oci_vcn.module.logging.oci_logging_log_group.medialoggroup",
            "module.vcn_dev.module.oci_vcn.module.logging.oci_logging_log_group.osloggroup",
            "module.vcn_dev.module.oci_vcn.module.logging.oci_logging_log_group.vcnloggroup",
            "module.vcn_dev.module.oci_vcn.module.logging.oci_logging_log_group.vpnloggroup",
            "module.vcn_dev.module.oci_vcn.module.logging.oci_logging_log_group.wafloggroup",
            "module.vcn_dev.module.oci_vcn.module.logging.oci_logging_log_group.winloggroup",
            "module.vcn_dev.module.oci_vcn.module.subnet.data.oci_core_dhcp_options.dhcp_options",
            "module.vcn_dev.module.oci_vcn.module.subnet.data.oci_identity_availability_domains.all",
            "module.vcn_dev.module.oci_vcn.module.subnet.oci_core_subnet.vcn_subnet",
            "module.vcn_dev.module.oci_vcn.oci_core_default_security_list.lockdown",
            "module.vcn_dev.module.oci_vcn.oci_core_default_security_list.restore_default",
            "module.vcn_dev.module.oci_vcn.oci_core_internet_gateway.ig",
            "module.vcn_dev.module.oci_vcn.oci_core_local_peering_gateway.lpg",
            "module.vcn_dev.module.oci_vcn.oci_core_nat_gateway.nat_gateway",
            "module.vcn_dev.module.oci_vcn.oci_core_public_ip.nat_gateway_public_ip",
            "module.vcn_dev.module.oci_vcn.oci_core_route_table.ig",
            "module.vcn_dev.module.oci_vcn.oci_core_route_table.nat",
            "module.vcn_dev.module.oci_vcn.oci_core_route_table.service_gw",
            "module.vcn_dev.module.oci_vcn.oci_core_service_gateway.service_gateway",
            "module.vcn_dev.module.oci_vcn.oci_core_vcn.vcn",
            "module.vcn_dev.oci_core_security_list.oci_instance_security_list"
          ]
        }
      ]
    },
    {
      "module": "module.vcn_dev.module.oci_vcn",
      "mode": "managed",
      "type": "oci_core_default_security_list",
      "name": "lockdown",
      "provider": "provider[\"registry.terraform.io/oracle/oci\"]",
      "instances": [
        {
          "index_key": 0,
          "schema_version": 0,
          "attributes": {
            "compartment_id": "ocid1.compartment.oc1..aaaaaaaago6deoyb4hatbg62hvcr7o4xfv7wb7qxk4rfyxo72a5vrltw37tq",
            "defined_tags": {
              "Oracle-Tags.CreatedBy": "oracleidentitycloudservice/agarcia@datum.com.gt",
              "Oracle-Tags.CreatedOn": "2025-08-05T22:39:14.301Z"
            },
            "display_name": "Default Security List for agarcia-tf-vcn",
            "egress_security_rules": [],
            "freeform_tags": {
              "module": "oracle-terraform-modules/vcn/oci",
              "terraformed": "Please do not edit manually"
            },
            "id": "ocid1.securitylist.oc1.phx.aaaaaaaamhpbvk3ble7fzckyuzvokinrbjdhv2u6iz3owuwelpo4v5io2feq",
            "ingress_security_rules": [],
            "manage_default_resource_id": "ocid1.securitylist.oc1.phx.aaaaaaaamhpbvk3ble7fzckyuzvokinrbjdhv2u6iz3owuwelpo4v5io2feq",
            "state": "AVAILABLE",
            "time_created": "2025-08-05 22:39:14.395 +0000 UTC",
            "timeouts": null
          },
          "sensitive_attributes": [],
          "identity_schema_version": 0,
          "private": "eyJlMmJmYjczMC1lY2FhLTExZTYtOGY4OC0zNDM2M2JjN2M0YzAiOnsiY3JlYXRlIjoxMjAwMDAwMDAwMDAwLCJkZWxldGUiOjEyMDAwMDAwMDAwMDAsInVwZGF0ZSI6MTIwMDAwMDAwMDAwMH19",
          "dependencies": [
            "module.vcn_dev.module.oci_vcn.oci_core_vcn.vcn"
          ]
        }
      ]
    },
    {
      "module": "module.vcn_dev.module.oci_vcn",
      "mode": "managed",
      "type": "oci_core_internet_gateway",
      "name": "ig",
      "provider": "provider[\"registry.terraform.io/oracle/oci\"]",
      "instances": [
        {
          "index_key": 0,
          "schema_version": 0,
          "attributes": {
            "compartment_id": "ocid1.compartment.oc1..aaaaaaaago6deoyb4hatbg62hvcr7o4xfv7wb7qxk4rfyxo72a5vrltw37tq",
            "defined_tags": {
              "Oracle-Tags.CreatedBy": "oracleidentitycloudservice/agarcia@datum.com.gt",
              "Oracle-Tags.CreatedOn": "2025-08-05T22:39:15.210Z"
            },
            "display_name": "agarcia-tf-igw",
            "enabled": true,
            "freeform_tags": {
              "module": "oracle-terraform-modules/vcn/oci",
              "terraformed": "Please do not edit manually"
            },
            "id": "ocid1.internetgateway.oc1.phx.aaaaaaaahdtc5kih32kcztoicelklcshil6gef3sbinosr6hsbicsgyymi3q",
            "route_table_id": null,
            "state": "AVAILABLE",
            "time_created": "2025-08-05 22:39:15.259 +0000 UTC",
            "timeouts": null,
            "vcn_id": "ocid1.vcn.oc1.phx.amaaaaaamds2pjiawbfiqile6b76nevsyussfxznzkv2yg4j75vqcp24uqaa"
          },
          "sensitive_attributes": [],
          "identity_schema_version": 0,
          "private": "eyJlMmJmYjczMC1lY2FhLTExZTYtOGY4OC0zNDM2M2JjN2M0YzAiOnsiY3JlYXRlIjoxMjAwMDAwMDAwMDAwLCJkZWxldGUiOjEyMDAwMDAwMDAwMDAsInVwZGF0ZSI6MTIwMDAwMDAwMDAwMH19",
          "dependencies": [
            "module.vcn_dev.module.oci_vcn.oci_core_vcn.vcn"
          ]
        }
      ]
    },
    {
      "module": "module.vcn_dev.module.oci_vcn",
      "mode": "managed",
      "type": "oci_core_nat_gateway",
      "name": "nat_gateway",
      "provider": "provider[\"registry.terraform.io/oracle/oci\"]",
      "instances": [
        {
          "index_key": 0,
          "schema_version": 0,
          "attributes": {
            "block_traffic": false,
            "compartment_id": "ocid1.compartment.oc1..aaaaaaaago6deoyb4hatbg62hvcr7o4xfv7wb7qxk4rfyxo72a5vrltw37tq",
            "defined_tags": {
              "Oracle-Tags.CreatedBy": "oracleidentitycloudservice/agarcia@datum.com.gt",
              "Oracle-Tags.CreatedOn": "2025-08-05T22:39:15.627Z"
            },
            "display_name": "agarcia-nat-gateway",
            "freeform_tags": {
              "module": "oracle-terraform-modules/vcn/oci",
              "terraformed": "Please do not edit manually"
            },
            "id": "ocid1.natgateway.oc1.phx.aaaaaaaaara67x4hqons2kmpzsdphlrpussa6pt6lcq42mzsjuhsuxbtrpaq",
            "nat_ip": "132.226.65.125",
            "public_ip_id": "ocid1.publicip.oc1.phx.aaaaaaaac2xlmjec63zquy4tbmwoujaxdwe7gyczpmcizhdxbcgcfao3x2qq",
            "route_table_id": null,
            "state": "AVAILABLE",
            "time_created": "2025-08-05 22:39:15.834 +0000 UTC",
            "timeouts": null,
            "vcn_id": "ocid1.vcn.oc1.phx.amaaaaaamds2pjiawbfiqile6b76nevsyussfxznzkv2yg4j75vqcp24uqaa"
          },
          "sensitive_attributes": [],
          "identity_schema_version": 0,
          "private": "eyJlMmJmYjczMC1lY2FhLTExZTYtOGY4OC0zNDM2M2JjN2M0YzAiOnsiY3JlYXRlIjoxMjAwMDAwMDAwMDAwLCJkZWxldGUiOjEyMDAwMDAwMDAwMDAsInVwZGF0ZSI6MTIwMDAwMDAwMDAwMH19",
          "dependencies": [
            "module.vcn_dev.module.oci_vcn.oci_core_public_ip.nat_gateway_public_ip",
            "module.vcn_dev.module.oci_vcn.oci_core_vcn.vcn"
          ]
        }
      ]
    },
    {
      "module": "module.vcn_dev.module.oci_vcn",
      "mode": "managed",
      "type": "oci_core_route_table",
      "name": "ig",
      "provider": "provider[\"registry.terraform.io/oracle/oci\"]",
      "instances": [
        {
          "index_key": 0,
          "schema_version": 0,
          "attributes": {
            "compartment_id": "ocid1.compartment.oc1..aaaaaaaago6deoyb4hatbg62hvcr7o4xfv7wb7qxk4rfyxo72a5vrltw37tq",
            "defined_tags": {
              "Oracle-Tags.CreatedBy": "oracleidentitycloudservice/agarcia@datum.com.gt",
              "Oracle-Tags.CreatedOn": "2025-08-05T22:39:15.889Z"
            },
            "display_name": "agarcia-tf-igw",
            "freeform_tags": {
              "module": "oracle-terraform-modules/vcn/oci",
              "terraformed": "Please do not edit manually"
            },
            "id": "ocid1.routetable.oc1.phx.aaaaaaaa3vc25vtqor7i7xia3kcael4qyqmhub3elu2o4qhwgdfjxbeo4qnq",
            "route_rules": [
              {
                "cidr_block": "",
                "description": "Terraformed - Auto-generated at Internet Gateway creation: Internet Gateway as default gateway",
                "destination": "0.0.0.0/0",
                "destination_type": "CIDR_BLOCK",
                "network_entity_id": "ocid1.internetgateway.oc1.phx.aaaaaaaahdtc5kih32kcztoicelklcshil6gef3sbinosr6hsbicsgyymi3q",
                "route_type": ""
              }
            ],
            "state": "AVAILABLE",
            "time_created": "2025-08-05 22:39:15.921 +0000 UTC",
            "timeouts": null,
            "vcn_id": "ocid1.vcn.oc1.phx.amaaaaaamds2pjiawbfiqile6b76nevsyussfxznzkv2yg4j75vqcp24uqaa"
          },
          "sensitive_attributes": [],
          "identity_schema_version": 0,
          "private": "eyJlMmJmYjczMC1lY2FhLTExZTYtOGY4OC0zNDM2M2JjN2M0YzAiOnsiY3JlYXRlIjoxMjAwMDAwMDAwMDAwLCJkZWxldGUiOjEyMDAwMDAwMDAwMDAsInVwZGF0ZSI6MTIwMDAwMDAwMDAwMH19",
          "dependencies": [
            "module.vcn_dev.module.oci_vcn.oci_core_internet_gateway.ig",
            "module.vcn_dev.module.oci_vcn.oci_core_local_peering_gateway.lpg",
            "module.vcn_dev.module.oci_vcn.oci_core_vcn.vcn"
          ]
        }
      ]
    },
    {
      "module": "module.vcn_dev.module.oci_vcn",
      "mode": "managed",
      "type": "oci_core_route_table",
      "name": "nat",
      "provider": "provider[\"registry.terraform.io/oracle/oci\"]",
      "instances": [
        {
          "index_key": 0,
          "schema_version": 0,
          "attributes": {
            "compartment_id": "ocid1.compartment.oc1..aaaaaaaago6deoyb4hatbg62hvcr7o4xfv7wb7qxk4rfyxo72a5vrltw37tq",
            "defined_tags": {
              "Oracle-Tags.CreatedBy": "oracleidentitycloudservice/agarcia@datum.com.gt",
              "Oracle-Tags.CreatedOn": "2025-08-05T22:39:16.886Z"
            },
            "display_name": "agarcia-nat-gateway",
            "freeform_tags": {
              "module": "oracle-terraform-modules/vcn/oci",
              "terraformed": "Please do not edit manually"
            },
            "id": "ocid1.routetable.oc1.phx.aaaaaaaa3td7jw5klmwadxcbyxbvag7xhq46wk252lq5dzpz3nnfruto2k6q",
            "route_rules": [
              {
                "cidr_block": "",
                "description": "Terraformed - Auto-generated at NAT Gateway creation: NAT Gateway as default gateway",
                "destination": "0.0.0.0/0",
                "destination_type": "CIDR_BLOCK",
                "network_entity_id": "ocid1.natgateway.oc1.phx.aaaaaaaaara67x4hqons2kmpzsdphlrpussa6pt6lcq42mzsjuhsuxbtrpaq",
                "route_type": ""
              }
            ],
            "state": "AVAILABLE",
            "time_created": "2025-08-05 22:39:16.92 +0000 UTC",
            "timeouts": null,
            "vcn_id": "ocid1.vcn.oc1.phx.amaaaaaamds2pjiawbfiqile6b76nevsyussfxznzkv2yg4j75vqcp24uqaa"
          },
          "sensitive_attributes": [],
          "identity_schema_version": 0,
          "private": "eyJlMmJmYjczMC1lY2FhLTExZTYtOGY4OC0zNDM2M2JjN2M0YzAiOnsiY3JlYXRlIjoxMjAwMDAwMDAwMDAwLCJkZWxldGUiOjEyMDAwMDAwMDAwMDAsInVwZGF0ZSI6MTIwMDAwMDAwMDAwMH19",
          "dependencies": [
            "module.vcn_dev.module.oci_vcn.data.oci_core_services.all_oci_services",
            "module.vcn_dev.module.oci_vcn.oci_core_local_peering_gateway.lpg",
            "module.vcn_dev.module.oci_vcn.oci_core_nat_gateway.nat_gateway",
            "module.vcn_dev.module.oci_vcn.oci_core_public_ip.nat_gateway_public_ip",
            "module.vcn_dev.module.oci_vcn.oci_core_service_gateway.service_gateway",
            "module.vcn_dev.module.oci_vcn.oci_core_vcn.vcn"
          ]
        }
      ]
    },
    {
      "module": "module.vcn_dev.module.oci_vcn",
      "mode": "managed",
      "type": "oci_core_vcn",
      "name": "vcn",
      "provider": "provider[\"registry.terraform.io/oracle/oci\"]",
      "instances": [
        {
          "schema_version": 0,
          "attributes": {
            "byoipv6cidr_blocks": [],
            "byoipv6cidr_details": null,
            "cidr_block": "10.12.0.0/16",
            "cidr_blocks": [
              "10.12.0.0/16"
            ],
            "compartment_id": "ocid1.compartment.oc1..aaaaaaaago6deoyb4hatbg62hvcr7o4xfv7wb7qxk4rfyxo72a5vrltw37tq",
            "default_dhcp_options_id": "ocid1.dhcpoptions.oc1.phx.aaaaaaaardcum6xlwxo7ep25tzqdui64krxxyvkg7ozvwb5eqy55befhc2ya",
            "default_route_table_id": "ocid1.routetable.oc1.phx.aaaaaaaan4yqvge4bzhghrsvf6zlesj3b3vpyf5atielrqykjford36n7a4a",
            "default_security_list_id": "ocid1.securitylist.oc1.phx.aaaaaaaamhpbvk3ble7fzckyuzvokinrbjdhv2u6iz3owuwelpo4v5io2feq",
            "defined_tags": {
              "Oracle-Tags.CreatedBy": "oracleidentitycloudservice/agarcia@datum.com.gt",
              "Oracle-Tags.CreatedOn": "2025-08-05T22:39:14.301Z"
            },
            "display_name": "agarcia-tf-vcn",
            "dns_label": "vcn",
            "freeform_tags": {
              "module": "oracle-terraform-modules/vcn/oci",
              "terraformed": "Please do not edit manually"
            },
            "id": "ocid1.vcn.oc1.phx.amaaaaaamds2pjiawbfiqile6b76nevsyussfxznzkv2yg4j75vqcp24uqaa",
            "ipv6cidr_blocks": [],
            "ipv6private_cidr_blocks": [],
            "is_ipv6enabled": false,
            "is_oracle_gua_allocation_enabled": null,
            "security_attributes": {},
            "state": "AVAILABLE",
            "time_created": "2025-08-05 22:39:14.395 +0000 UTC",
            "timeouts": null,
            "vcn_domain_name": "vcn.oraclevcn.com"
          },
          "sensitive_attributes": [],
          "identity_schema_version": 0,
          "private": "eyJlMmJmYjczMC1lY2FhLTExZTYtOGY4OC0zNDM2M2JjN2M0YzAiOnsiY3JlYXRlIjoxMjAwMDAwMDAwMDAwLCJkZWxldGUiOjEyMDAwMDAwMDAwMDAsInVwZGF0ZSI6MTIwMDAwMDAwMDAwMH19",
          "create_before_destroy": true
        }
      ]
    }
  ],
  "check_results": [
    {
      "object_kind": "var",
      "config_addr": "module.vcn_dev.var.oci_service_gateway_display_name",
      "status": "pass",
      "objects": [
        {
          "object_addr": "module.vcn_dev.var.oci_service_gateway_display_name",
          "status": "pass"
        }
      ]
    },
    {
      "object_kind": "var",
      "config_addr": "module.vcn_dev.var.oci_internet_gateway_display_name",
      "status": "pass",
      "objects": [
        {
          "object_addr": "module.vcn_dev.var.oci_internet_gateway_display_name",
          "status": "pass"
        }
      ]
    },
    {
      "object_kind": "var",
      "config_addr": "module.vcn_dev.var.oci_nat_gateway_display_name",
      "status": "pass",
      "objects": [
        {
          "object_addr": "module.vcn_dev.var.oci_nat_gateway_display_name",
          "status": "pass"
        }
      ]
    },
    {
      "object_kind": "var",
      "config_addr": "var.oci_vcn_name",
      "status": "pass",
      "objects": [
        {
          "object_addr": "var.oci_vcn_name",
          "status": "pass"
        }
      ]
    },
    {
      "object_kind": "var",
      "config_addr": "module.vcn_dev.module.oci_vcn.var.service_gateway_display_name",
      "status": "pass",
      "objects": [
        {
          "object_addr": "module.vcn_dev.module.oci_vcn.var.service_gateway_display_name",
          "status": "pass"
        }
      ]
    },
    {
      "object_kind": "var",
      "config_addr": "module.dbsystem_dev.var.oci_dbs_license_model",
      "status": "pass",
      "objects": [
        {
          "object_addr": "module.dbsystem_dev.var.oci_dbs_license_model",
          "status": "pass"
        }
      ]
    },
    {
      "object_kind": "var",
      "config_addr": "var.oci_internet_gateway_display_name",
      "status": "pass",
      "objects": [
        {
          "object_addr": "var.oci_internet_gateway_display_name",
          "status": "pass"
        }
      ]
    },
    {
      "object_kind": "var",
      "config_addr": "module.vcn_dev.module.oci_vcn.var.internet_gateway_display_name",
      "status": "pass",
      "objects": [
        {
          "object_addr": "module.vcn_dev.module.oci_vcn.var.internet_gateway_display_name",
          "status": "pass"
        }
      ]
    },
    {
      "object_kind": "var",
      "config_addr": "module.dbsystem_dev.var.oci_dbs_database_edition",
      "status": "pass",
      "objects": [
        {
          "object_addr": "module.dbsystem_dev.var.oci_dbs_database_edition",
          "status": "pass"
        }
      ]
    },
    {
      "object_kind": "var",
      "config_addr": "var.oci_nat_gateway_display_name",
      "status": "pass",
      "objects": [
        {
          "object_addr": "var.oci_nat_gateway_display_name",
          "status": "pass"
        }
      ]
    },
    {
      "object_kind": "var",
      "config_addr": "module.vcn_dev.module.oci_vcn.var.nat_gateway_display_name",
      "status": "pass",
      "objects": [
        {
          "object_addr": "module.vcn_dev.module.oci_vcn.var.nat_gateway_display_name",
          "status": "pass"
        }
      ]
    },
    {
      "object_kind": "var",
      "config_addr": "module.adb_dev.var.oci_adb_db_workload",
      "status": "pass",
      "objects": [
        {
          "object_addr": "module.adb_dev.var.oci_adb_db_workload",
          "status": "pass"
        }
      ]
    },
    {
      "object_kind": "var",
      "config_addr": "var.oci_vcn_dns_label",
      "status": "pass",
      "objects": [
        {
          "object_addr": "var.oci_vcn_dns_label",
          "status": "pass"
        }
      ]
    },
    {
      "object_kind": "var",
      "config_addr": "var.oci_dbs_admin_password_prod",
      "status": "pass",
      "objects": [
        {
          "object_addr": "var.oci_dbs_admin_password_prod",
          "status": "pass"
        }
      ]
    },
    {
      "object_kind": "var",
      "config_addr": "module.dbsystem_dev.var.oci_dbs_storage_management",
      "status": "pass",
      "objects": [
        {
          "object_addr": "module.dbsystem_dev.var.oci_dbs_storage_management",
          "status": "pass"
        }
      ]
    },
    {
      "object_kind": "var",
      "config_addr": "module.vcn_dev.var.oci_vcn_name",
      "status": "pass",
      "objects": [
        {
          "object_addr": "module.vcn_dev.var.oci_vcn_name",
          "status": "pass"
        }
      ]
    },
    {
      "object_kind": "var",
      "config_addr": "module.vcn_dev.module.oci_vcn.module.logging.var.service_logdef",
      "status": "pass",
      "objects": null
    },
    {
      "object_kind": "var",
      "config_addr": "module.vcn_dev.module.oci_vcn.var.vcn_name",
      "status": "pass",
      "objects": [
        {
          "object_addr": "module.vcn_dev.module.oci_vcn.var.vcn_name",
          "status": "pass"
        }
      ]
    },
    {
      "object_kind": "var",
      "config_addr": "module.adb_dev.var.oci_adb_license_model",
      "status": "pass",
      "objects": [
        {
          "object_addr": "module.adb_dev.var.oci_adb_license_model",
          "status": "pass"
        }
      ]
    },
    {
      "object_kind": "var",
      "config_addr": "module.vcn_dev.module.oci_vcn.module.logging.var.linux_logdef",
      "status": "pass",
      "objects": null
    },
    {
      "object_kind": "var",
      "config_addr": "module.vcn_dev.module.oci_vcn.module.logging.var.windows_logdef",
      "status": "pass",
      "objects": null
    },
    {
      "object_kind": "var",
      "config_addr": "var.oci_adb_db_workload_prod",
      "status": "pass",
      "objects": [
        {
          "object_addr": "var.oci_adb_db_workload_prod",
          "status": "pass"
        }
      ]
    },
    {
      "object_kind": "var",
      "config_addr": "var.oci_service_gateway_display_name",
      "status": "pass",
      "objects": [
        {
          "object_addr": "var.oci_service_gateway_display_name",
          "status": "pass"
        }
      ]
    },
    {
      "object_kind": "var",
      "config_addr": "module.vcn_dev.var.oci_vcn_dns_label",
      "status": "pass",
      "objects": [
        {
          "object_addr": "module.vcn_dev.var.oci_vcn_dns_label",
          "status": "pass"
        }
      ]
    },
    {
      "object_kind": "var",
      "config_addr": "module.dbsystem_dev.var.oci_dbs_db_workload",
      "status": "pass",
      "objects": [
        {
          "object_addr": "module.dbsystem_dev.var.oci_dbs_db_workload",
          "status": "pass"
        }
      ]
    },
    {
      "object_kind": "var",
      "config_addr": "module.adb_dev.var.oci_adb_cpu_model",
      "status": "pass",
      "objects": [
        {
          "object_addr": "module.adb_dev.var.oci_adb_cpu_model",
          "status": "pass"
        }
      ]
    },
    {
      "object_kind": "var",
      "config_addr": "var.oci_adb_license_model_prod",
      "status": "pass",
      "objects": [
        {
          "object_addr": "var.oci_adb_license_model_prod",
          "status": "pass"
        }
      ]
    },
    {
      "object_kind": "var",
      "config_addr": "var.oci_adb_admin_password_prod",
      "status": "pass",
      "objects": [
        {
          "object_addr": "var.oci_adb_admin_password_prod",
          "status": "pass"
        }
      ]
    },
    {
      "object_kind": "var",
      "config_addr": "module.vcn_dev.module.oci_vcn.var.vcn_dns_label",
      "status": "pass",
      "objects": [
        {
          "object_addr": "module.vcn_dev.module.oci_vcn.var.vcn_dns_label",
          "status": "pass"
        }
      ]
    }
  ]
}
